PODS:
  - ACFloatingTextfield-Swift (1.7)
  - Alamofire (4.7.3)
  - Bolts (1.9.0):
    - Bolts/AppLinks (= 1.9.0)
    - Bolts/Tasks (= 1.9.0)
  - Bolts/AppLinks (1.9.0):
    - Bolts/Tasks
  - Bolts/Tasks (1.9.0)
  - BoringSSL (10.0.5):
    - BoringSSL/Implementation (= 10.0.5)
    - BoringSSL/Interface (= 10.0.5)
  - BoringSSL/Implementation (10.0.5):
    - BoringSSL/Interface (= 10.0.5)
  - BoringSSL/Interface (10.0.5)
  - BSKeyboardControls (2.2)
  - Cosmos (15.0.0)
  - DatePickerDialog (2.0)
  - DynamicBlurView (2.0.2)
  - FBSDKCoreKit (4.35.0):
    - Bolts (~> 1.7)
  - FBSDKLoginKit (4.35.0):
    - FBSDKCoreKit
  - Firebase/Auth (5.4.1):
    - Firebase/CoreOnly
    - FirebaseAuth (= 5.0.2)
  - Firebase/Core (5.4.1):
    - Firebase/CoreOnly
    - FirebaseAnalytics (= 5.0.1)
  - Firebase/CoreOnly (5.4.1):
    - FirebaseCore (= 5.0.6)
  - Firebase/Firestore (5.4.1):
    - Firebase/CoreOnly
    - FirebaseFirestore (= 0.12.6)
  - FirebaseAnalytics (5.0.1):
    - FirebaseCore (~> 5.0)
    - FirebaseInstanceID (~> 3.0)
    - "GoogleToolboxForMac/NSData+zlib (~> 2.1)"
    - nanopb (~> 0.3)
  - FirebaseAuth (5.0.2):
    - FirebaseCore (~> 5.0)
    - GTMSessionFetcher/Core (~> 1.1)
  - FirebaseCore (5.0.6):
    - "GoogleToolboxForMac/NSData+zlib (~> 2.1)"
  - FirebaseFirestore (0.12.6):
    - FirebaseCore (~> 5.0)
    - FirebaseFirestore/abseil-cpp (= 0.12.6)
    - gRPC-ProtoRPC (~> 1.0)
    - leveldb-library (~> 1.18)
    - nanopb (~> 0.3.8)
    - Protobuf (~> 3.1)
  - FirebaseFirestore/abseil-cpp (0.12.6):
    - FirebaseCore (~> 5.0)
    - gRPC-ProtoRPC (~> 1.0)
    - leveldb-library (~> 1.18)
    - nanopb (~> 0.3.8)
    - Protobuf (~> 3.1)
  - FirebaseInstanceID (3.1.1):
    - FirebaseCore (~> 5.0)
  - GoogleSignIn (4.1.2):
    - "GoogleToolboxForMac/NSDictionary+URLArguments (~> 2.1)"
    - "GoogleToolboxForMac/NSString+URLArguments (~> 2.1)"
    - GTMOAuth2 (~> 1.0)
    - GTMSessionFetcher/Core (~> 1.1)
  - GoogleToolboxForMac/DebugUtils (2.1.4):
    - GoogleToolboxForMac/Defines (= 2.1.4)
  - GoogleToolboxForMac/Defines (2.1.4)
  - "GoogleToolboxForMac/NSData+zlib (2.1.4)":
    - GoogleToolboxForMac/Defines (= 2.1.4)
  - "GoogleToolboxForMac/NSDictionary+URLArguments (2.1.4)":
    - GoogleToolboxForMac/DebugUtils (= 2.1.4)
    - GoogleToolboxForMac/Defines (= 2.1.4)
    - "GoogleToolboxForMac/NSString+URLArguments (= 2.1.4)"
  - "GoogleToolboxForMac/NSString+URLArguments (2.1.4)"
  - gRPC (1.13.0):
    - gRPC-RxLibrary (= 1.13.0)
    - gRPC/Main (= 1.13.0)
  - gRPC-Core (1.13.0):
    - gRPC-Core/Implementation (= 1.13.0)
    - gRPC-Core/Interface (= 1.13.0)
  - gRPC-Core/Implementation (1.13.0):
    - BoringSSL (~> 10.0)
    - gRPC-Core/Interface (= 1.13.0)
    - nanopb (~> 0.3)
  - gRPC-Core/Interface (1.13.0)
  - gRPC-ProtoRPC (1.13.0):
    - gRPC-ProtoRPC/Main (= 1.13.0)
  - gRPC-ProtoRPC/Main (1.13.0):
    - gRPC (= 1.13.0)
    - gRPC-RxLibrary (= 1.13.0)
    - Protobuf (~> 3.0)
  - gRPC-RxLibrary (1.13.0)
  - gRPC/Main (1.13.0):
    - gRPC-Core (= 1.13.0)
    - gRPC-RxLibrary (= 1.13.0)
  - GTMOAuth2 (1.1.6):
    - GTMSessionFetcher (~> 1.1)
  - GTMSessionFetcher (1.2.0):
    - GTMSessionFetcher/Full (= 1.2.0)
  - GTMSessionFetcher/Core (1.2.0)
  - GTMSessionFetcher/Full (1.2.0):
    - GTMSessionFetcher/Core (= 1.2.0)
  - HCFramework (1.2.9)
  - HCMapInfoView (1.0.0):
    - HCFramework
  - ImageSlideshow (1.6.1):
    - ImageSlideshow/Core (= 1.6.1)
  - ImageSlideshow/Core (1.6.1)
  - ImageSlideshow/Kingfisher (1.6.1):
    - ImageSlideshow/Core
    - Kingfisher (> 3.0)
  - iOSDropDown (0.2.4)
  - IQKeyboardManagerSwift (6.1.1)
  - Kingfisher (4.8.1)
  - leveldb-library (1.20)
  - nanopb (0.3.8):
    - nanopb/decode (= 0.3.8)
    - nanopb/encode (= 0.3.8)
  - nanopb/decode (0.3.8)
  - nanopb/encode (0.3.8)
  - NVActivityIndicatorView (4.3.0):
    - NVActivityIndicatorView/Presenter (= 4.3.0)
  - NVActivityIndicatorView/Presenter (4.3.0)
  - PopupDialog (0.8.0):
    - DynamicBlurView (~> 2.0)
  - Protobuf (3.6.0)
  - PullToRefreshKit (0.8.6)
  - SCLAlertView (0.8)
  - SIAlertView (1.3)
  - SideMenu (4.0.0)
  - SkyFloatingLabelTextField (3.5.1)
  - SVProgressHUD (2.2.5)
  - SwifterSwift (4.4.0):
    - SwifterSwift/AppKit (= 4.4.0)
    - SwifterSwift/CoreGraphics (= 4.4.0)
    - SwifterSwift/CoreLocation (= 4.4.0)
    - SwifterSwift/Foundation (= 4.4.0)
    - SwifterSwift/MapKit (= 4.4.0)
    - SwifterSwift/SpriteKit (= 4.4.0)
    - SwifterSwift/SwiftStdlib (= 4.4.0)
    - SwifterSwift/UIKit (= 4.4.0)
  - SwifterSwift/AppKit (4.4.0)
  - SwifterSwift/CoreGraphics (4.4.0)
  - SwifterSwift/CoreLocation (4.4.0)
  - SwifterSwift/Foundation (4.4.0)
  - SwifterSwift/MapKit (4.4.0)
  - SwifterSwift/SpriteKit (4.4.0)
  - SwifterSwift/SwiftStdlib (4.4.0)
  - SwifterSwift/UIKit (4.4.0)
  - TTSegmentedControl (0.4.4)
  - TwitterCore (3.2.0)
  - TwitterKit (3.4.0):
    - TwitterCore (>= 3.1.0)
  - XLPagerTabStrip (8.0.1)
  - ZAlertView (1.0.4)

DEPENDENCIES:
  - ACFloatingTextfield-Swift (~> 1.7)
  - Alamofire
  - Bolts
  - BSKeyboardControls (~> 2.2)
  - Cosmos (~> 15.0)
  - DatePickerDialog
  - FBSDKCoreKit
  - FBSDKLoginKit
  - Firebase/Auth
  - Firebase/Core
  - Firebase/Firestore
  - GoogleSignIn
  - HCMapInfoView
  - ImageSlideshow (~> 1.6)
  - ImageSlideshow/Kingfisher
  - iOSDropDown
  - IQKeyboardManagerSwift
  - Kingfisher (~> 4.0)
  - NVActivityIndicatorView
  - PopupDialog (~> 0.8)
  - PullToRefreshKit
  - SCLAlertView
  - SIAlertView
  - SideMenu
  - SkyFloatingLabelTextField (~> 3.0)
  - SVProgressHUD
  - SwifterSwift
  - TTSegmentedControl
  - TwitterKit
  - XLPagerTabStrip (~> 8.0)
  - ZAlertView

SPEC REPOS:
  https://github.com/CocoaPods/Specs.git:
    - ACFloatingTextfield-Swift
    - Alamofire
    - Bolts
    - BoringSSL
    - BSKeyboardControls
    - Cosmos
    - DatePickerDialog
    - DynamicBlurView
    - FBSDKCoreKit
    - FBSDKLoginKit
    - Firebase
    - FirebaseAnalytics
    - FirebaseAuth
    - FirebaseCore
    - FirebaseFirestore
    - FirebaseInstanceID
    - GoogleSignIn
    - GoogleToolboxForMac
    - gRPC
    - gRPC-Core
    - gRPC-ProtoRPC
    - gRPC-RxLibrary
    - GTMOAuth2
    - GTMSessionFetcher
    - HCFramework
    - HCMapInfoView
    - ImageSlideshow
    - iOSDropDown
    - IQKeyboardManagerSwift
    - Kingfisher
    - leveldb-library
    - nanopb
    - NVActivityIndicatorView
    - PopupDialog
    - Protobuf
    - PullToRefreshKit
    - SCLAlertView
    - SIAlertView
    - SideMenu
    - SkyFloatingLabelTextField
    - SVProgressHUD
    - SwifterSwift
    - TTSegmentedControl
    - TwitterCore
    - TwitterKit
    - XLPagerTabStrip
    - ZAlertView

SPEC CHECKSUMS:
  ACFloatingTextfield-Swift: df075d5ed5d441d8603f985fc106ec7ebe0c673f
  Alamofire: c7287b6e5d7da964a70935e5db17046b7fde6568
  Bolts: ac6567323eac61e203f6a9763667d0f711be34c8
  BoringSSL: cf3f1793eb6e3c445c4d150456341f149c268a35
  BSKeyboardControls: b701935e789961102e3f20063bba7185800a2d3f
  Cosmos: a6dbd3d0baa0cc8f51f8598f7508d5a09d0a9ade
  DatePickerDialog: 5e1c24d9fe6506cd45dbc573eed7b0a251b1c09d
  DynamicBlurView: aa6db4defc6e537eb86fc5e58dd3991666178399
  FBSDKCoreKit: 1a5b2e3ceb5ca827a53c54aa5f4a3480efff80d2
  FBSDKLoginKit: 00a3d65d1226852f9d76dcddff01981e5e6d9c38
  Firebase: 355bd535bfdacaa82a7fe8d9784115edefd6fc03
  FirebaseAnalytics: b3628aea54c50464c32c393fb2ea032566e7ecc2
  FirebaseAuth: 096e457cdd4274412a66c4a35874787e411f5a03
  FirebaseCore: 4c28e3b9708ba48a765e76515f913a71596eb5dd
  FirebaseFirestore: d4a3a7787624e612298a320da95935b8dc036c1d
  FirebaseInstanceID: f3f0657372592ecdfdfe2cac604a5a75758376a6
  GoogleSignIn: d9ef55b10f0aa401a5de2747f59b725e4b9732ac
  GoogleToolboxForMac: 91c824d21e85b31c2aae9bb011c5027c9b4e738f
  gRPC: 81b990caa01d7c32605d300c2ffd1b5ba0ef9e49
  gRPC-Core: a56b086a8ef5ced6f6ba5be5bc0a63fca185015a
  gRPC-ProtoRPC: 842797fbe05dfcf891afb4a5048e5ccf5f06ef86
  gRPC-RxLibrary: fa6852f98d6ec0b73c0ec2f6406c26943099d501
  GTMOAuth2: c77fe325e4acd453837e72d91e3b5f13116857b2
  GTMSessionFetcher: 0c4baf0a73acd0041bf9f71ea018deedab5ea84e
  HCFramework: c2cc43840b694b435df171e6c02e7f92cbf0be3c
  HCMapInfoView: 7613d773f231920a8f75d844bcdf402b5f9b6e56
  ImageSlideshow: f0f33e1a20668e83d77f5fb7729e4ae4437c0759
  iOSDropDown: 6d928eddd336c7bc698ad0ba4b324ce3d2d43c59
  IQKeyboardManagerSwift: 977affaeb4d6e971975c7790a6850f31d38f1207
  Kingfisher: 868c1149679a7ab6869be118faa9b5aed154aaf0
  leveldb-library: 08cba283675b7ed2d99629a4bc5fd052cd2bb6a5
  nanopb: 5601e6bca2dbf1ed831b519092ec110f66982ca3
  NVActivityIndicatorView: 963f62bf9f993fcf23218e55958e5b1761b9504c
  PopupDialog: 11347197b6ac3e0548ac445d40ce68d1d407e9a0
  Protobuf: 0fc0ad8bec688b2a3017a139953e01374fedbd5f
  PullToRefreshKit: 172df52ab9c6cb2c1d4b1872b49f448d6291523f
  SCLAlertView: 6a77bb2edfc65e04dbe57725546cb4107a506b85
  SIAlertView: 20c794b55eaf44d888773ea51647cf8907723919
  SideMenu: 70ee5657df63ec3382660ec4ef470bf1cf5db07d
  SkyFloatingLabelTextField: 4cbeece9c3aae97c6019d8fae511cb5b755874f7
  SVProgressHUD: 1428aafac632c1f86f62aa4243ec12008d7a51d6
  SwifterSwift: 1ce0e31801ddd3a2bd3256626275425adb01067a
  TTSegmentedControl: 7a5fc6c3e117c340106efd3a35205b987f2ba23c
  TwitterCore: 8cbc9ad34d91c63a0035ea05bfbfc0d7ca72a28c
  TwitterKit: bc7bd086b9b724a1d888745a054e1d0b1ecc4f3f
  XLPagerTabStrip: c908b17cbf42fcd2598ee1adfc49bae25444d88a
  ZAlertView: 59fffdb4e37a01df461835566d5101052b8af953

PODFILE CHECKSUM: 687a56141d0f74e6c9e7443eb2e537faf98ee448

COCOAPODS: 1.5.0
