// !$*UTF8*$!
{
	archiveVersion = 1;
	classes = {
	};
	objectVersion = 50;
	objects = {

/* Begin PBXBuildFile section */
		524EEE7220DA840D006B9917 /* AppDelegate.swift in Sources */ = {isa = PBXBuildFile; fileRef = 524EEE7120DA840D006B9917 /* AppDelegate.swift */; };
		524EEE7420DA840D006B9917 /* ViewController.swift in Sources */ = {isa = PBXBuildFile; fileRef = 524EEE7320DA840D006B9917 /* ViewController.swift */; };
		524EEE7920DA840F006B9917 /* Assets.xcassets in Resources */ = {isa = PBXBuildFile; fileRef = 524EEE7820DA840F006B9917 /* Assets.xcassets */; };
		524EEE7C20DA840F006B9917 /* LaunchScreen.storyboard in Resources */ = {isa = PBXBuildFile; fileRef = 524EEE7A20DA840F006B9917 /* LaunchScreen.storyboard */; };
		528F600920E7BFB9003111E7 /* ServiceManager.swift in Sources */ = {isa = PBXBuildFile; fileRef = 528F600820E7BFB9003111E7 /* ServiceManager.swift */; };
		528F600C20E82EA0003111E7 /* XMLParser.swift in Sources */ = {isa = PBXBuildFile; fileRef = 528F600B20E82EA0003111E7 /* XMLParser.swift */; };
		52B615F720E8847100A1A416 /* XMLDictionary.m in Sources */ = {isa = PBXBuildFile; fileRef = 52B615F620E8847100A1A416 /* XMLDictionary.m */; };
		52B6163320E891C100A1A416 /* JTextItem.swift in Sources */ = {isa = PBXBuildFile; fileRef = 52B615FA20E891C100A1A416 /* JTextItem.swift */; };
		52B6163420E891C100A1A416 /* JCancelPolicy.swift in Sources */ = {isa = PBXBuildFile; fileRef = 52B615FB20E891C100A1A416 /* JCancelPolicy.swift */; };
		52B6163520E891C100A1A416 /* JAward.swift in Sources */ = {isa = PBXBuildFile; fileRef = 52B615FC20E891C100A1A416 /* JAward.swift */; };
		52B6163620E891C100A1A416 /* JPetsPolicy.swift in Sources */ = {isa = PBXBuildFile; fileRef = 52B615FD20E891C100A1A416 /* JPetsPolicy.swift */; };
		52B6163720E891C100A1A416 /* JAddres.swift in Sources */ = {isa = PBXBuildFile; fileRef = 52B615FE20E891C100A1A416 /* JAddres.swift */; };
		52B6163820E891C100A1A416 /* JGuestRoomInfo.swift in Sources */ = {isa = PBXBuildFile; fileRef = 52B615FF20E891C100A1A416 /* JGuestRoomInfo.swift */; };
		52B6163920E891C100A1A416 /* JRefPoint.swift in Sources */ = {isa = PBXBuildFile; fileRef = 52B6160020E891C100A1A416 /* JRefPoint.swift */; };
		52B6163A20E891C100A1A416 /* JAmenity.swift in Sources */ = {isa = PBXBuildFile; fileRef = 52B6160120E891C100A1A416 /* JAmenity.swift */; };
		52B6163B20E891C100A1A416 /* JRelativePosition.swift in Sources */ = {isa = PBXBuildFile; fileRef = 52B6160220E891C100A1A416 /* JRelativePosition.swift */; };
		52B6163C20E891C100A1A416 /* JAreaInfo.swift in Sources */ = {isa = PBXBuildFile; fileRef = 52B6160320E891C100A1A416 /* JAreaInfo.swift */; };
		52B6163D20E891C100A1A416 /* JPosition.swift in Sources */ = {isa = PBXBuildFile; fileRef = 52B6160420E891C100A1A416 /* JPosition.swift */; };
		52B6163E20E891C100A1A416 /* JURL.swift in Sources */ = {isa = PBXBuildFile; fileRef = 52B6160520E891C100A1A416 /* JURL.swift */; };
		52B6163F20E891C100A1A416 /* JHotelInfo.swift in Sources */ = {isa = PBXBuildFile; fileRef = 52B6160620E891C100A1A416 /* JHotelInfo.swift */; };
		52B6164020E891C100A1A416 /* JInfoCode.swift in Sources */ = {isa = PBXBuildFile; fileRef = 52B6160720E891C100A1A416 /* JInfoCode.swift */; };
		52B6164120E891C100A1A416 /* JEmail.swift in Sources */ = {isa = PBXBuildFile; fileRef = 52B6160820E891C100A1A416 /* JEmail.swift */; };
		52B6164220E891C100A1A416 /* JPhone.swift in Sources */ = {isa = PBXBuildFile; fileRef = 52B6160920E891C100A1A416 /* JPhone.swift */; };
		52B6164320E891C100A1A416 /* JSoap:Body.swift in Sources */ = {isa = PBXBuildFile; fileRef = 52B6160A20E891C100A1A416 /* JSoap:Body.swift */; };
		52B6164420E891C100A1A416 /* JOccupancy.swift in Sources */ = {isa = PBXBuildFile; fileRef = 52B6160B20E891C100A1A416 /* JOccupancy.swift */; };
		52B6164520E891C100A1A416 /* JRenovation.swift in Sources */ = {isa = PBXBuildFile; fileRef = 52B6160C20E891C100A1A416 /* JRenovation.swift */; };
		52B6164620E891C100A1A416 /* JName.swift in Sources */ = {isa = PBXBuildFile; fileRef = 52B6160D20E891C100A1A416 /* JName.swift */; };
		52B6164720E891C100A1A416 /* JMultimediaDescription.swift in Sources */ = {isa = PBXBuildFile; fileRef = 52B6160E20E891C100A1A416 /* JMultimediaDescription.swift */; };
		52B6164820E891C100A1A416 /* JPaymentPolicy.swift in Sources */ = {isa = PBXBuildFile; fileRef = 52B6160F20E891C100A1A416 /* JPaymentPolicy.swift */; };
		52B6164920E891C100A1A416 /* JHotelCategory.swift in Sources */ = {isa = PBXBuildFile; fileRef = 52B6161020E891C100A1A416 /* JHotelCategory.swift */; };
		52B6164A20E891C100A1A416 /* JPenaltyDescription.swift in Sources */ = {isa = PBXBuildFile; fileRef = 52B6161120E891C100A1A416 /* JPenaltyDescription.swift */; };
		52B6164B20E891C100A1A416 /* JOTAHotelDescriptiveInfoRS.swift in Sources */ = {isa = PBXBuildFile; fileRef = 52B6161220E891C100A1A416 /* JOTAHotelDescriptiveInfoRS.swift */; };
		52B6164C20E891C100A1A416 /* JRestaurant.swift in Sources */ = {isa = PBXBuildFile; fileRef = 52B6161320E891C100A1A416 /* JRestaurant.swift */; };
		52B6164D20E891C100A1A416 /* JAvailableCapacity.swift in Sources */ = {isa = PBXBuildFile; fileRef = 52B6161420E891C100A1A416 /* JAvailableCapacity.swift */; };
		52B6164E20E891C100A1A416 /* JFeature.swift in Sources */ = {isa = PBXBuildFile; fileRef = 52B6161520E891C100A1A416 /* JFeature.swift */; };
		52B6164F20E891C100A1A416 /* JAttraction.swift in Sources */ = {isa = PBXBuildFile; fileRef = 52B6161620E891C100A1A416 /* JAttraction.swift */; };
		52B6165020E891C100A1A416 /* JHotelDescriptiveContent.swift in Sources */ = {isa = PBXBuildFile; fileRef = 52B6161720E891C100A1A416 /* JHotelDescriptiveContent.swift */; };
		52B6165120E891C100A1A416 /* JPolicyInfo.swift in Sources */ = {isa = PBXBuildFile; fileRef = 52B6161820E891C100A1A416 /* JPolicyInfo.swift */; };
		52B6165220E891C100A1A416 /* JContactInfo.swift in Sources */ = {isa = PBXBuildFile; fileRef = 52B6161920E891C100A1A416 /* JContactInfo.swift */; };
		52B6165320E891C100A1A416 /* JService.swift in Sources */ = {isa = PBXBuildFile; fileRef = 52B6161A20E891C100A1A416 /* JService.swift */; };
		52B6165420E891C100A1A416 /* JMeetingRoomCapacity.swift in Sources */ = {isa = PBXBuildFile; fileRef = 52B6161B20E891C100A1A416 /* JMeetingRoomCapacity.swift */; };
		52B6165520E891C100A1A416 /* JDimension.swift in Sources */ = {isa = PBXBuildFile; fileRef = 52B6161C20E891C100A1A416 /* JDimension.swift */; };
		52B6165620E891C100A1A416 /* JAddresse.swift in Sources */ = {isa = PBXBuildFile; fileRef = 52B6161D20E891C100A1A416 /* JAddresse.swift */; };
		52B6165720E891C100A1A416 /* JStateProv.swift in Sources */ = {isa = PBXBuildFile; fileRef = 52B6161E20E891C100A1A416 /* JStateProv.swift */; };
		52B6165820E891C100A1A416 /* JDescription.swift in Sources */ = {isa = PBXBuildFile; fileRef = 52B6161F20E891C100A1A416 /* JDescription.swift */; };
		52B6165920E891C100A1A416 /* JFacilityInfo.swift in Sources */ = {isa = PBXBuildFile; fileRef = 52B6162020E891C100A1A416 /* JFacilityInfo.swift */; };
		52B6165A20E891C100A1A416 /* JCancelPenalty.swift in Sources */ = {isa = PBXBuildFile; fileRef = 52B6162120E891C100A1A416 /* JCancelPenalty.swift */; };
		52B6165B20E891C100A1A416 /* JAffiliationInfo.swift in Sources */ = {isa = PBXBuildFile; fileRef = 52B6162220E891C100A1A416 /* JAffiliationInfo.swift */; };
		52B6165C20E891C100A1A416 /* JMeetingRoom.swift in Sources */ = {isa = PBXBuildFile; fileRef = 52B6162320E891C100A1A416 /* JMeetingRoom.swift */; };
		52B6165D20E891C100A1A416 /* JPaymentCard.swift in Sources */ = {isa = PBXBuildFile; fileRef = 52B6162420E891C100A1A416 /* JPaymentCard.swift */; };
		52B6165E20E891C100A1A416 /* JSoap:Envelope.swift in Sources */ = {isa = PBXBuildFile; fileRef = 52B6162520E891C100A1A416 /* JSoap:Envelope.swift */; };
		52B6165F20E891C100A1A416 /* JGuestRoom.swift in Sources */ = {isa = PBXBuildFile; fileRef = 52B6162620E891C100A1A416 /* JGuestRoom.swift */; };
		52B6166020E891C100A1A416 /* JHotels.swift in Sources */ = {isa = PBXBuildFile; fileRef = 52B6162720E891C100A1A416 /* JHotels.swift */; };
		52B6166120E891C100A1A416 /* JCategoryCode.swift in Sources */ = {isa = PBXBuildFile; fileRef = 52B6162820E891C100A1A416 /* JCategoryCode.swift */; };
		52B6166220E891C100A1A416 /* JTypeRoom.swift in Sources */ = {isa = PBXBuildFile; fileRef = 52B6162920E891C100A1A416 /* JTypeRoom.swift */; };
		52B6166320E891C100A1A416 /* JRequiredPayment.swift in Sources */ = {isa = PBXBuildFile; fileRef = 52B6162A20E891C100A1A416 /* JRequiredPayment.swift */; };
		52B6166420E891C100A1A416 /* JPolicy.swift in Sources */ = {isa = PBXBuildFile; fileRef = 52B6162B20E891C100A1A416 /* JPolicy.swift */; };
		52B6166520E891C100A1A416 /* JTransportation.swift in Sources */ = {isa = PBXBuildFile; fileRef = 52B6162C20E891C100A1A416 /* JTransportation.swift */; };
		52B6166620E891C100A1A416 /* JCommissionPolicy.swift in Sources */ = {isa = PBXBuildFile; fileRef = 52B6162D20E891C100A1A416 /* JCommissionPolicy.swift */; };
		52B6166720E891C100A1A416 /* JDeadline.swift in Sources */ = {isa = PBXBuildFile; fileRef = 52B6162E20E891C100A1A416 /* JDeadline.swift */; };
		52B6166820E891C100A1A416 /* JRecreation.swift in Sources */ = {isa = PBXBuildFile; fileRef = 52B6162F20E891C100A1A416 /* JRecreation.swift */; };
		52B6166920E891C100A1A416 /* JAcceptedPayment.swift in Sources */ = {isa = PBXBuildFile; fileRef = 52B6163020E891C100A1A416 /* JAcceptedPayment.swift */; };
		52B6166A20E891C100A1A416 /* JCountryName.swift in Sources */ = {isa = PBXBuildFile; fileRef = 52B6163120E891C100A1A416 /* JCountryName.swift */; };
		52B6166B20E891C100A1A416 /* JHotelName.swift in Sources */ = {isa = PBXBuildFile; fileRef = 52B6163220E891C100A1A416 /* JHotelName.swift */; };
		52B616BA20E9341E00A1A416 /* JCRate.swift in Sources */ = {isa = PBXBuildFile; fileRef = 52B6169420E9341700A1A416 /* JCRate.swift */; };
		52B616BB20E9341E00A1A416 /* JCDeadline.swift in Sources */ = {isa = PBXBuildFile; fileRef = 52B6169520E9341800A1A416 /* JCDeadline.swift */; };
		52B616BC20E9341E00A1A416 /* JCGuarantee.swift in Sources */ = {isa = PBXBuildFile; fileRef = 52B6169620E9341800A1A416 /* JCGuarantee.swift */; };
		52B616BD20E9341E00A1A416 /* JCOTAHotelAvailRS.swift in Sources */ = {isa = PBXBuildFile; fileRef = 52B6169720E9341800A1A416 /* JCOTAHotelAvailRS.swift */; };
		52B616BE20E9341E00A1A416 /* JCMealsIncluded.swift in Sources */ = {isa = PBXBuildFile; fileRef = 52B6169820E9341800A1A416 /* JCMealsIncluded.swift */; };
		52B616BF20E9341E00A1A416 /* JCRoomRate.swift in Sources */ = {isa = PBXBuildFile; fileRef = 52B6169920E9341800A1A416 /* JCRoomRate.swift */; };
		52B616C020E9341E00A1A416 /* JCAdditionalDetail.swift in Sources */ = {isa = PBXBuildFile; fileRef = 52B6169A20E9341800A1A416 /* JCAdditionalDetail.swift */; };
		52B616C120E9341E00A1A416 /* JCWarning.swift in Sources */ = {isa = PBXBuildFile; fileRef = 52B6169B20E9341900A1A416 /* JCWarning.swift */; };
		52B616C220E9341E00A1A416 /* JCAvailability.swift in Sources */ = {isa = PBXBuildFile; fileRef = 52B6169C20E9341900A1A416 /* JCAvailability.swift */; };
		52B616C320E9341E00A1A416 /* JCGuaranteePayment.swift in Sources */ = {isa = PBXBuildFile; fileRef = 52B6169D20E9341900A1A416 /* JCGuaranteePayment.swift */; };
		52B616C420E9341E00A1A416 /* JCPenaltyDescription.swift in Sources */ = {isa = PBXBuildFile; fileRef = 52B6169E20E9341900A1A416 /* JCPenaltyDescription.swift */; };
		52B616C520E9341E00A1A416 /* JCHotelRef.swift in Sources */ = {isa = PBXBuildFile; fileRef = 52B6169F20E9341900A1A416 /* JCHotelRef.swift */; };
		52B616C620E9341E00A1A416 /* JCFee.swift in Sources */ = {isa = PBXBuildFile; fileRef = 52B616A020E9341900A1A416 /* JCFee.swift */; };
		52B616C720E9341E00A1A416 /* JCTax.swift in Sources */ = {isa = PBXBuildFile; fileRef = 52B616A120E9341A00A1A416 /* JCTax.swift */; };
		52B616C820E9341E00A1A416 /* JCBasicPropertyInfo.swift in Sources */ = {isa = PBXBuildFile; fileRef = 52B616A220E9341A00A1A416 /* JCBasicPropertyInfo.swift */; };
		52B616C920E9341E00A1A416 /* JCAddres.swift in Sources */ = {isa = PBXBuildFile; fileRef = 52B616A320E9341A00A1A416 /* JCAddres.swift */; };
		52B616CA20E9341E00A1A416 /* JCCancelPenalty.swift in Sources */ = {isa = PBXBuildFile; fileRef = 52B616A420E9341A00A1A416 /* JCCancelPenalty.swift */; };
		52B616CB20E9341E00A1A416 /* JCCriteria.swift in Sources */ = {isa = PBXBuildFile; fileRef = 52B616A520E9341A00A1A416 /* JCCriteria.swift */; };
		52B616CC20E9341E00A1A416 /* JCCheckAvaibility.swift in Sources */ = {isa = PBXBuildFile; fileRef = 52B616A620E9341A00A1A416 /* JCCheckAvaibility.swift */; };
		52B616CD20E9341E00A1A416 /* JCRatePlan.swift in Sources */ = {isa = PBXBuildFile; fileRef = 52B616A720E9341A00A1A416 /* JCRatePlan.swift */; };
		52B616CE20E9341E00A1A416 /* JCRoomType.swift in Sources */ = {isa = PBXBuildFile; fileRef = 52B616A820E9341B00A1A416 /* JCRoomType.swift */; };
		52B616CF20E9341E00A1A416 /* JCRatePlanDescription.swift in Sources */ = {isa = PBXBuildFile; fileRef = 52B616A920E9341B00A1A416 /* JCRatePlanDescription.swift */; };
		52B616D020E9341E00A1A416 /* JCCancelPolicy.swift in Sources */ = {isa = PBXBuildFile; fileRef = 52B616AA20E9341B00A1A416 /* JCCancelPolicy.swift */; };
		52B616D120E9341E00A1A416 /* JCNightlyRate.swift in Sources */ = {isa = PBXBuildFile; fileRef = 52B616AB20E9341B00A1A416 /* JCNightlyRate.swift */; };
		52B616D220E9341E00A1A416 /* JCPaymentPolicy.swift in Sources */ = {isa = PBXBuildFile; fileRef = 52B616AC20E9341B00A1A416 /* JCPaymentPolicy.swift */; };
		52B616D320E9341E00A1A416 /* JCCriterion.swift in Sources */ = {isa = PBXBuildFile; fileRef = 52B616AD20E9341B00A1A416 /* JCCriterion.swift */; };
		52B616D420E9341E00A1A416 /* JCRoomStay.swift in Sources */ = {isa = PBXBuildFile; fileRef = 52B616AE20E9341B00A1A416 /* JCRoomStay.swift */; };
		52B616D520E9341E00A1A416 /* JCEnvelope.swift in Sources */ = {isa = PBXBuildFile; fileRef = 52B616AF20E9341C00A1A416 /* JCEnvelope.swift */; };
		52B616D620E9341E00A1A416 /* JCRoomDescription.swift in Sources */ = {isa = PBXBuildFile; fileRef = 52B616B020E9341C00A1A416 /* JCRoomDescription.swift */; };
		52B616D720E9341E00A1A416 /* JCBase.swift in Sources */ = {isa = PBXBuildFile; fileRef = 52B616B120E9341C00A1A416 /* JCBase.swift */; };
		52B616D820E9341E00A1A416 /* JCBody.swift in Sources */ = {isa = PBXBuildFile; fileRef = 52B616B220E9341C00A1A416 /* JCBody.swift */; };
		52B616D920E9341E00A1A416 /* JCCountryName.swift in Sources */ = {isa = PBXBuildFile; fileRef = 52B616B320E9341C00A1A416 /* JCCountryName.swift */; };
		52B616DA20E9341E00A1A416 /* JCOccupancy.swift in Sources */ = {isa = PBXBuildFile; fileRef = 52B616B420E9341C00A1A416 /* JCOccupancy.swift */; };
		52B616DB20E9341E00A1A416 /* JCTPAExtension.swift in Sources */ = {isa = PBXBuildFile; fileRef = 52B616B520E9341D00A1A416 /* JCTPAExtension.swift */; };
		52B616DC20E9341E00A1A416 /* JCContactNumber.swift in Sources */ = {isa = PBXBuildFile; fileRef = 52B616B620E9341D00A1A416 /* JCContactNumber.swift */; };
		52B616DD20E9341E00A1A416 /* JCAmountPercent.swift in Sources */ = {isa = PBXBuildFile; fileRef = 52B616B720E9341D00A1A416 /* JCAmountPercent.swift */; };
		52B616DE20E9341E00A1A416 /* JCTotal.swift in Sources */ = {isa = PBXBuildFile; fileRef = 52B616B820E9341D00A1A416 /* JCTotal.swift */; };
		52B616DF20E9341E00A1A416 /* JCTaxe.swift in Sources */ = {isa = PBXBuildFile; fileRef = 52B616B920E9341E00A1A416 /* JCTaxe.swift */; };
		52B616E120E948F200A1A416 /* SplashViewController.swift in Sources */ = {isa = PBXBuildFile; fileRef = 52B616E020E948F200A1A416 /* SplashViewController.swift */; };
		52B616E320E94B5C00A1A416 /* AlertView.swift in Sources */ = {isa = PBXBuildFile; fileRef = 52B616E220E94B5B00A1A416 /* AlertView.swift */; };
		52B616E520E94D3F00A1A416 /* Helper.swift in Sources */ = {isa = PBXBuildFile; fileRef = 52B616E420E94D3F00A1A416 /* Helper.swift */; };
		9AE61CA220DAC74B006160C1 /* Montserrat-MediumItalic.otf in Resources */ = {isa = PBXBuildFile; fileRef = 9AE61C7D20DAC74B006160C1 /* Montserrat-MediumItalic.otf */; };
		9AE61CA320DAC74B006160C1 /* Montserrat-Bold.otf in Resources */ = {isa = PBXBuildFile; fileRef = 9AE61C7E20DAC74B006160C1 /* Montserrat-Bold.otf */; };
		9AE61CA420DAC74B006160C1 /* Montserrat-BlackItalic.otf in Resources */ = {isa = PBXBuildFile; fileRef = 9AE61C7F20DAC74B006160C1 /* Montserrat-BlackItalic.otf */; };
		9AE61CA520DAC74B006160C1 /* SIL Open Font License.txt in Resources */ = {isa = PBXBuildFile; fileRef = 9AE61C8020DAC74B006160C1 /* SIL Open Font License.txt */; };
		9AE61CA620DAC74B006160C1 /* MontserratAlternates-Black.otf in Resources */ = {isa = PBXBuildFile; fileRef = 9AE61C8120DAC74B006160C1 /* MontserratAlternates-Black.otf */; };
		9AE61CA720DAC74B006160C1 /* MontserratAlternates-LightItalic.otf in Resources */ = {isa = PBXBuildFile; fileRef = 9AE61C8220DAC74B006160C1 /* MontserratAlternates-LightItalic.otf */; };
		9AE61CA820DAC74B006160C1 /* MontserratAlternates-Medium.otf in Resources */ = {isa = PBXBuildFile; fileRef = 9AE61C8320DAC74B006160C1 /* MontserratAlternates-Medium.otf */; };
		9AE61CA920DAC74B006160C1 /* Montserrat-BoldItalic.otf in Resources */ = {isa = PBXBuildFile; fileRef = 9AE61C8420DAC74B006160C1 /* Montserrat-BoldItalic.otf */; };
		9AE61CAA20DAC74B006160C1 /* Montserrat-Light.otf in Resources */ = {isa = PBXBuildFile; fileRef = 9AE61C8520DAC74B006160C1 /* Montserrat-Light.otf */; };
		9AE61CAB20DAC74B006160C1 /* Montserrat-ThinItalic.otf in Resources */ = {isa = PBXBuildFile; fileRef = 9AE61C8620DAC74B006160C1 /* Montserrat-ThinItalic.otf */; };
		9AE61CAC20DAC74B006160C1 /* Montserrat-Thin.otf in Resources */ = {isa = PBXBuildFile; fileRef = 9AE61C8720DAC74B006160C1 /* Montserrat-Thin.otf */; };
		9AE61CAD20DAC74B006160C1 /* MontserratAlternates-MediumItalic.otf in Resources */ = {isa = PBXBuildFile; fileRef = 9AE61C8820DAC74B006160C1 /* MontserratAlternates-MediumItalic.otf */; };
		9AE61CAE20DAC74B006160C1 /* Montserrat-ExtraLight.otf in Resources */ = {isa = PBXBuildFile; fileRef = 9AE61C8920DAC74B006160C1 /* Montserrat-ExtraLight.otf */; };
		9AE61CAF20DAC74B006160C1 /* MontserratAlternates-BlackItalic.otf in Resources */ = {isa = PBXBuildFile; fileRef = 9AE61C8A20DAC74B006160C1 /* MontserratAlternates-BlackItalic.otf */; };
		9AE61CB020DAC74B006160C1 /* MontserratAlternates-Bold.otf in Resources */ = {isa = PBXBuildFile; fileRef = 9AE61C8B20DAC74B006160C1 /* MontserratAlternates-Bold.otf */; };
		9AE61CB120DAC74B006160C1 /* MontserratAlternates-ExtraLightItalic.otf in Resources */ = {isa = PBXBuildFile; fileRef = 9AE61C8C20DAC74B006160C1 /* MontserratAlternates-ExtraLightItalic.otf */; };
		9AE61CB220DAC74B006160C1 /* MontserratAlternates-Thin.otf in Resources */ = {isa = PBXBuildFile; fileRef = 9AE61C8D20DAC74B006160C1 /* MontserratAlternates-Thin.otf */; };
		9AE61CB320DAC74B006160C1 /* Montserrat-LightItalic.otf in Resources */ = {isa = PBXBuildFile; fileRef = 9AE61C8E20DAC74B006160C1 /* Montserrat-LightItalic.otf */; };
		9AE61CB420DAC74B006160C1 /* Montserrat-Medium.otf in Resources */ = {isa = PBXBuildFile; fileRef = 9AE61C8F20DAC74B006160C1 /* Montserrat-Medium.otf */; };
		9AE61CB520DAC74B006160C1 /* MontserratAlternates-SemiBoldItalic.otf in Resources */ = {isa = PBXBuildFile; fileRef = 9AE61C9020DAC74B006160C1 /* MontserratAlternates-SemiBoldItalic.otf */; };
		9AE61CB620DAC74B006160C1 /* Montserrat-SemiBoldItalic.otf in Resources */ = {isa = PBXBuildFile; fileRef = 9AE61C9120DAC74B006160C1 /* Montserrat-SemiBoldItalic.otf */; };
		9AE61CB720DAC74B006160C1 /* Montserrat-ExtraBoldItalic.otf in Resources */ = {isa = PBXBuildFile; fileRef = 9AE61C9220DAC74B006160C1 /* Montserrat-ExtraBoldItalic.otf */; };
		9AE61CB820DAC74B006160C1 /* Montserrat-Italic.otf in Resources */ = {isa = PBXBuildFile; fileRef = 9AE61C9320DAC74B006160C1 /* Montserrat-Italic.otf */; };
		9AE61CB920DAC74B006160C1 /* MontserratAlternates-SemiBold.otf in Resources */ = {isa = PBXBuildFile; fileRef = 9AE61C9420DAC74B006160C1 /* MontserratAlternates-SemiBold.otf */; };
		9AE61CBA20DAC74B006160C1 /* Montserrat-Regular.otf in Resources */ = {isa = PBXBuildFile; fileRef = 9AE61C9520DAC74B006160C1 /* Montserrat-Regular.otf */; };
		9AE61CBB20DAC74B006160C1 /* MontserratAlternates-ExtraBold.otf in Resources */ = {isa = PBXBuildFile; fileRef = 9AE61C9620DAC74B006160C1 /* MontserratAlternates-ExtraBold.otf */; };
		9AE61CBC20DAC74B006160C1 /* MontserratAlternates-BoldItalic.otf in Resources */ = {isa = PBXBuildFile; fileRef = 9AE61C9720DAC74B006160C1 /* MontserratAlternates-BoldItalic.otf */; };
		9AE61CBD20DAC74B006160C1 /* Montserrat-ExtraBold.otf in Resources */ = {isa = PBXBuildFile; fileRef = 9AE61C9820DAC74B006160C1 /* Montserrat-ExtraBold.otf */; };
		9AE61CBE20DAC74B006160C1 /* Montserrat-ExtraLightItalic.otf in Resources */ = {isa = PBXBuildFile; fileRef = 9AE61C9920DAC74B006160C1 /* Montserrat-ExtraLightItalic.otf */; };
		9AE61CBF20DAC74B006160C1 /* MontserratAlternates-Light.otf in Resources */ = {isa = PBXBuildFile; fileRef = 9AE61C9A20DAC74B006160C1 /* MontserratAlternates-Light.otf */; };
		9AE61CC020DAC74B006160C1 /* MontserratAlternates-ExtraLight.otf in Resources */ = {isa = PBXBuildFile; fileRef = 9AE61C9B20DAC74B006160C1 /* MontserratAlternates-ExtraLight.otf */; };
		9AE61CC120DAC74B006160C1 /* MontserratAlternates-Regular.otf in Resources */ = {isa = PBXBuildFile; fileRef = 9AE61C9C20DAC74B006160C1 /* MontserratAlternates-Regular.otf */; };
		9AE61CC220DAC74B006160C1 /* MontserratAlternates-ThinItalic.otf in Resources */ = {isa = PBXBuildFile; fileRef = 9AE61C9D20DAC74B006160C1 /* MontserratAlternates-ThinItalic.otf */; };
		9AE61CC320DAC74B006160C1 /* Montserrat-Black.otf in Resources */ = {isa = PBXBuildFile; fileRef = 9AE61C9E20DAC74B006160C1 /* Montserrat-Black.otf */; };
		9AE61CC420DAC74B006160C1 /* MontserratAlternates-ExtraBoldItalic.otf in Resources */ = {isa = PBXBuildFile; fileRef = 9AE61C9F20DAC74B006160C1 /* MontserratAlternates-ExtraBoldItalic.otf */; };
		9AE61CC520DAC74B006160C1 /* MontserratAlternates-Italic.otf in Resources */ = {isa = PBXBuildFile; fileRef = 9AE61CA020DAC74B006160C1 /* MontserratAlternates-Italic.otf */; };
		9AE61CC620DAC74B006160C1 /* Montserrat-SemiBold.otf in Resources */ = {isa = PBXBuildFile; fileRef = 9AE61CA120DAC74B006160C1 /* Montserrat-SemiBold.otf */; };
		9AE61CCE20DAE0BD006160C1 /* Main.storyboard in Resources */ = {isa = PBXBuildFile; fileRef = 9AE61CCC20DAE0BD006160C1 /* Main.storyboard */; };
		FA34B49D79DD74C9696B2EEE /* Pods_JazHotels.framework in Frameworks */ = {isa = PBXBuildFile; fileRef = 925F604466D8797ABBF10B44 /* Pods_JazHotels.framework */; };
/* End PBXBuildFile section */

/* Begin PBXFileReference section */
		42D73029D47BCCF9EDE78E08 /* Pods-JazHotels.release.xcconfig */ = {isa = PBXFileReference; includeInIndex = 1; lastKnownFileType = text.xcconfig; name = "Pods-JazHotels.release.xcconfig"; path = "Pods/Target Support Files/Pods-JazHotels/Pods-JazHotels.release.xcconfig"; sourceTree = "<group>"; };
		524EEE6E20DA840D006B9917 /* JazHotels.app */ = {isa = PBXFileReference; explicitFileType = wrapper.application; includeInIndex = 0; path = JazHotels.app; sourceTree = BUILT_PRODUCTS_DIR; };
		524EEE7120DA840D006B9917 /* AppDelegate.swift */ = {isa = PBXFileReference; lastKnownFileType = sourcecode.swift; path = AppDelegate.swift; sourceTree = "<group>"; };
		524EEE7320DA840D006B9917 /* ViewController.swift */ = {isa = PBXFileReference; lastKnownFileType = sourcecode.swift; path = ViewController.swift; sourceTree = "<group>"; };
		524EEE7820DA840F006B9917 /* Assets.xcassets */ = {isa = PBXFileReference; lastKnownFileType = folder.assetcatalog; path = Assets.xcassets; sourceTree = "<group>"; };
		524EEE7B20DA840F006B9917 /* Base */ = {isa = PBXFileReference; lastKnownFileType = file.storyboard; name = Base; path = Base.lproj/LaunchScreen.storyboard; sourceTree = "<group>"; };
		524EEE7D20DA840F006B9917 /* Info.plist */ = {isa = PBXFileReference; lastKnownFileType = text.plist.xml; path = Info.plist; sourceTree = "<group>"; };
		528F600820E7BFB9003111E7 /* ServiceManager.swift */ = {isa = PBXFileReference; lastKnownFileType = sourcecode.swift; path = ServiceManager.swift; sourceTree = "<group>"; };
		528F600B20E82EA0003111E7 /* XMLParser.swift */ = {isa = PBXFileReference; lastKnownFileType = sourcecode.swift; path = XMLParser.swift; sourceTree = "<group>"; };
		52B615F520E8847100A1A416 /* XMLDictionary.h */ = {isa = PBXFileReference; fileEncoding = 4; lastKnownFileType = sourcecode.c.h; path = XMLDictionary.h; sourceTree = "<group>"; };
		52B615F620E8847100A1A416 /* XMLDictionary.m */ = {isa = PBXFileReference; fileEncoding = 4; lastKnownFileType = sourcecode.c.objc; path = XMLDictionary.m; sourceTree = "<group>"; };
		52B615F820E884C500A1A416 /* JazHotels-Bridging-Header.h */ = {isa = PBXFileReference; lastKnownFileType = sourcecode.c.h; path = "JazHotels-Bridging-Header.h"; sourceTree = "<group>"; };
		52B615FA20E891C100A1A416 /* JTextItem.swift */ = {isa = PBXFileReference; fileEncoding = 4; lastKnownFileType = sourcecode.swift; path = JTextItem.swift; sourceTree = "<group>"; };
		52B615FB20E891C100A1A416 /* JCancelPolicy.swift */ = {isa = PBXFileReference; fileEncoding = 4; lastKnownFileType = sourcecode.swift; path = JCancelPolicy.swift; sourceTree = "<group>"; };
		52B615FC20E891C100A1A416 /* JAward.swift */ = {isa = PBXFileReference; fileEncoding = 4; lastKnownFileType = sourcecode.swift; path = JAward.swift; sourceTree = "<group>"; };
		52B615FD20E891C100A1A416 /* JPetsPolicy.swift */ = {isa = PBXFileReference; fileEncoding = 4; lastKnownFileType = sourcecode.swift; path = JPetsPolicy.swift; sourceTree = "<group>"; };
		52B615FE20E891C100A1A416 /* JAddres.swift */ = {isa = PBXFileReference; fileEncoding = 4; lastKnownFileType = sourcecode.swift; path = JAddres.swift; sourceTree = "<group>"; };
		52B615FF20E891C100A1A416 /* JGuestRoomInfo.swift */ = {isa = PBXFileReference; fileEncoding = 4; lastKnownFileType = sourcecode.swift; path = JGuestRoomInfo.swift; sourceTree = "<group>"; };
		52B6160020E891C100A1A416 /* JRefPoint.swift */ = {isa = PBXFileReference; fileEncoding = 4; lastKnownFileType = sourcecode.swift; path = JRefPoint.swift; sourceTree = "<group>"; };
		52B6160120E891C100A1A416 /* JAmenity.swift */ = {isa = PBXFileReference; fileEncoding = 4; lastKnownFileType = sourcecode.swift; path = JAmenity.swift; sourceTree = "<group>"; };
		52B6160220E891C100A1A416 /* JRelativePosition.swift */ = {isa = PBXFileReference; fileEncoding = 4; lastKnownFileType = sourcecode.swift; path = JRelativePosition.swift; sourceTree = "<group>"; };
		52B6160320E891C100A1A416 /* JAreaInfo.swift */ = {isa = PBXFileReference; fileEncoding = 4; lastKnownFileType = sourcecode.swift; path = JAreaInfo.swift; sourceTree = "<group>"; };
		52B6160420E891C100A1A416 /* JPosition.swift */ = {isa = PBXFileReference; fileEncoding = 4; lastKnownFileType = sourcecode.swift; path = JPosition.swift; sourceTree = "<group>"; };
		52B6160520E891C100A1A416 /* JURL.swift */ = {isa = PBXFileReference; fileEncoding = 4; lastKnownFileType = sourcecode.swift; path = JURL.swift; sourceTree = "<group>"; };
		52B6160620E891C100A1A416 /* JHotelInfo.swift */ = {isa = PBXFileReference; fileEncoding = 4; lastKnownFileType = sourcecode.swift; path = JHotelInfo.swift; sourceTree = "<group>"; };
		52B6160720E891C100A1A416 /* JInfoCode.swift */ = {isa = PBXFileReference; fileEncoding = 4; lastKnownFileType = sourcecode.swift; path = JInfoCode.swift; sourceTree = "<group>"; };
		52B6160820E891C100A1A416 /* JEmail.swift */ = {isa = PBXFileReference; fileEncoding = 4; lastKnownFileType = sourcecode.swift; path = JEmail.swift; sourceTree = "<group>"; };
		52B6160920E891C100A1A416 /* JPhone.swift */ = {isa = PBXFileReference; fileEncoding = 4; lastKnownFileType = sourcecode.swift; path = JPhone.swift; sourceTree = "<group>"; };
		52B6160A20E891C100A1A416 /* JSoap:Body.swift */ = {isa = PBXFileReference; fileEncoding = 4; lastKnownFileType = sourcecode.swift; path = "JSoap:Body.swift"; sourceTree = "<group>"; };
		52B6160B20E891C100A1A416 /* JOccupancy.swift */ = {isa = PBXFileReference; fileEncoding = 4; lastKnownFileType = sourcecode.swift; path = JOccupancy.swift; sourceTree = "<group>"; };
		52B6160C20E891C100A1A416 /* JRenovation.swift */ = {isa = PBXFileReference; fileEncoding = 4; lastKnownFileType = sourcecode.swift; path = JRenovation.swift; sourceTree = "<group>"; };
		52B6160D20E891C100A1A416 /* JName.swift */ = {isa = PBXFileReference; fileEncoding = 4; lastKnownFileType = sourcecode.swift; path = JName.swift; sourceTree = "<group>"; };
		52B6160E20E891C100A1A416 /* JMultimediaDescription.swift */ = {isa = PBXFileReference; fileEncoding = 4; lastKnownFileType = sourcecode.swift; path = JMultimediaDescription.swift; sourceTree = "<group>"; };
		52B6160F20E891C100A1A416 /* JPaymentPolicy.swift */ = {isa = PBXFileReference; fileEncoding = 4; lastKnownFileType = sourcecode.swift; path = JPaymentPolicy.swift; sourceTree = "<group>"; };
		52B6161020E891C100A1A416 /* JHotelCategory.swift */ = {isa = PBXFileReference; fileEncoding = 4; lastKnownFileType = sourcecode.swift; path = JHotelCategory.swift; sourceTree = "<group>"; };
		52B6161120E891C100A1A416 /* JPenaltyDescription.swift */ = {isa = PBXFileReference; fileEncoding = 4; lastKnownFileType = sourcecode.swift; path = JPenaltyDescription.swift; sourceTree = "<group>"; };
		52B6161220E891C100A1A416 /* JOTAHotelDescriptiveInfoRS.swift */ = {isa = PBXFileReference; fileEncoding = 4; lastKnownFileType = sourcecode.swift; path = JOTAHotelDescriptiveInfoRS.swift; sourceTree = "<group>"; };
		52B6161320E891C100A1A416 /* JRestaurant.swift */ = {isa = PBXFileReference; fileEncoding = 4; lastKnownFileType = sourcecode.swift; path = JRestaurant.swift; sourceTree = "<group>"; };
		52B6161420E891C100A1A416 /* JAvailableCapacity.swift */ = {isa = PBXFileReference; fileEncoding = 4; lastKnownFileType = sourcecode.swift; path = JAvailableCapacity.swift; sourceTree = "<group>"; };
		52B6161520E891C100A1A416 /* JFeature.swift */ = {isa = PBXFileReference; fileEncoding = 4; lastKnownFileType = sourcecode.swift; path = JFeature.swift; sourceTree = "<group>"; };
		52B6161620E891C100A1A416 /* JAttraction.swift */ = {isa = PBXFileReference; fileEncoding = 4; lastKnownFileType = sourcecode.swift; path = JAttraction.swift; sourceTree = "<group>"; };
		52B6161720E891C100A1A416 /* JHotelDescriptiveContent.swift */ = {isa = PBXFileReference; fileEncoding = 4; lastKnownFileType = sourcecode.swift; path = JHotelDescriptiveContent.swift; sourceTree = "<group>"; };
		52B6161820E891C100A1A416 /* JPolicyInfo.swift */ = {isa = PBXFileReference; fileEncoding = 4; lastKnownFileType = sourcecode.swift; path = JPolicyInfo.swift; sourceTree = "<group>"; };
		52B6161920E891C100A1A416 /* JContactInfo.swift */ = {isa = PBXFileReference; fileEncoding = 4; lastKnownFileType = sourcecode.swift; path = JContactInfo.swift; sourceTree = "<group>"; };
		52B6161A20E891C100A1A416 /* JService.swift */ = {isa = PBXFileReference; fileEncoding = 4; lastKnownFileType = sourcecode.swift; path = JService.swift; sourceTree = "<group>"; };
		52B6161B20E891C100A1A416 /* JMeetingRoomCapacity.swift */ = {isa = PBXFileReference; fileEncoding = 4; lastKnownFileType = sourcecode.swift; path = JMeetingRoomCapacity.swift; sourceTree = "<group>"; };
		52B6161C20E891C100A1A416 /* JDimension.swift */ = {isa = PBXFileReference; fileEncoding = 4; lastKnownFileType = sourcecode.swift; path = JDimension.swift; sourceTree = "<group>"; };
		52B6161D20E891C100A1A416 /* JAddresse.swift */ = {isa = PBXFileReference; fileEncoding = 4; lastKnownFileType = sourcecode.swift; path = JAddresse.swift; sourceTree = "<group>"; };
		52B6161E20E891C100A1A416 /* JStateProv.swift */ = {isa = PBXFileReference; fileEncoding = 4; lastKnownFileType = sourcecode.swift; path = JStateProv.swift; sourceTree = "<group>"; };
		52B6161F20E891C100A1A416 /* JDescription.swift */ = {isa = PBXFileReference; fileEncoding = 4; lastKnownFileType = sourcecode.swift; path = JDescription.swift; sourceTree = "<group>"; };
		52B6162020E891C100A1A416 /* JFacilityInfo.swift */ = {isa = PBXFileReference; fileEncoding = 4; lastKnownFileType = sourcecode.swift; path = JFacilityInfo.swift; sourceTree = "<group>"; };
		52B6162120E891C100A1A416 /* JCancelPenalty.swift */ = {isa = PBXFileReference; fileEncoding = 4; lastKnownFileType = sourcecode.swift; path = JCancelPenalty.swift; sourceTree = "<group>"; };
		52B6162220E891C100A1A416 /* JAffiliationInfo.swift */ = {isa = PBXFileReference; fileEncoding = 4; lastKnownFileType = sourcecode.swift; path = JAffiliationInfo.swift; sourceTree = "<group>"; };
		52B6162320E891C100A1A416 /* JMeetingRoom.swift */ = {isa = PBXFileReference; fileEncoding = 4; lastKnownFileType = sourcecode.swift; path = JMeetingRoom.swift; sourceTree = "<group>"; };
		52B6162420E891C100A1A416 /* JPaymentCard.swift */ = {isa = PBXFileReference; fileEncoding = 4; lastKnownFileType = sourcecode.swift; path = JPaymentCard.swift; sourceTree = "<group>"; };
		52B6162520E891C100A1A416 /* JSoap:Envelope.swift */ = {isa = PBXFileReference; fileEncoding = 4; lastKnownFileType = sourcecode.swift; path = "JSoap:Envelope.swift"; sourceTree = "<group>"; };
		52B6162620E891C100A1A416 /* JGuestRoom.swift */ = {isa = PBXFileReference; fileEncoding = 4; lastKnownFileType = sourcecode.swift; path = JGuestRoom.swift; sourceTree = "<group>"; };
		52B6162720E891C100A1A416 /* JHotels.swift */ = {isa = PBXFileReference; fileEncoding = 4; lastKnownFileType = sourcecode.swift; path = JHotels.swift; sourceTree = "<group>"; };
		52B6162820E891C100A1A416 /* JCategoryCode.swift */ = {isa = PBXFileReference; fileEncoding = 4; lastKnownFileType = sourcecode.swift; path = JCategoryCode.swift; sourceTree = "<group>"; };
		52B6162920E891C100A1A416 /* JTypeRoom.swift */ = {isa = PBXFileReference; fileEncoding = 4; lastKnownFileType = sourcecode.swift; path = JTypeRoom.swift; sourceTree = "<group>"; };
		52B6162A20E891C100A1A416 /* JRequiredPayment.swift */ = {isa = PBXFileReference; fileEncoding = 4; lastKnownFileType = sourcecode.swift; path = JRequiredPayment.swift; sourceTree = "<group>"; };
		52B6162B20E891C100A1A416 /* JPolicy.swift */ = {isa = PBXFileReference; fileEncoding = 4; lastKnownFileType = sourcecode.swift; path = JPolicy.swift; sourceTree = "<group>"; };
		52B6162C20E891C100A1A416 /* JTransportation.swift */ = {isa = PBXFileReference; fileEncoding = 4; lastKnownFileType = sourcecode.swift; path = JTransportation.swift; sourceTree = "<group>"; };
		52B6162D20E891C100A1A416 /* JCommissionPolicy.swift */ = {isa = PBXFileReference; fileEncoding = 4; lastKnownFileType = sourcecode.swift; path = JCommissionPolicy.swift; sourceTree = "<group>"; };
		52B6162E20E891C100A1A416 /* JDeadline.swift */ = {isa = PBXFileReference; fileEncoding = 4; lastKnownFileType = sourcecode.swift; path = JDeadline.swift; sourceTree = "<group>"; };
		52B6162F20E891C100A1A416 /* JRecreation.swift */ = {isa = PBXFileReference; fileEncoding = 4; lastKnownFileType = sourcecode.swift; path = JRecreation.swift; sourceTree = "<group>"; };
		52B6163020E891C100A1A416 /* JAcceptedPayment.swift */ = {isa = PBXFileReference; fileEncoding = 4; lastKnownFileType = sourcecode.swift; path = JAcceptedPayment.swift; sourceTree = "<group>"; };
		52B6163120E891C100A1A416 /* JCountryName.swift */ = {isa = PBXFileReference; fileEncoding = 4; lastKnownFileType = sourcecode.swift; path = JCountryName.swift; sourceTree = "<group>"; };
		52B6163220E891C100A1A416 /* JHotelName.swift */ = {isa = PBXFileReference; fileEncoding = 4; lastKnownFileType = sourcecode.swift; path = JHotelName.swift; sourceTree = "<group>"; };
		52B6169420E9341700A1A416 /* JCRate.swift */ = {isa = PBXFileReference; fileEncoding = 4; lastKnownFileType = sourcecode.swift; path = JCRate.swift; sourceTree = "<group>"; };
		52B6169520E9341800A1A416 /* JCDeadline.swift */ = {isa = PBXFileReference; fileEncoding = 4; lastKnownFileType = sourcecode.swift; path = JCDeadline.swift; sourceTree = "<group>"; };
		52B6169620E9341800A1A416 /* JCGuarantee.swift */ = {isa = PBXFileReference; fileEncoding = 4; lastKnownFileType = sourcecode.swift; path = JCGuarantee.swift; sourceTree = "<group>"; };
		52B6169720E9341800A1A416 /* JCOTAHotelAvailRS.swift */ = {isa = PBXFileReference; fileEncoding = 4; lastKnownFileType = sourcecode.swift; path = JCOTAHotelAvailRS.swift; sourceTree = "<group>"; };
		52B6169820E9341800A1A416 /* JCMealsIncluded.swift */ = {isa = PBXFileReference; fileEncoding = 4; lastKnownFileType = sourcecode.swift; path = JCMealsIncluded.swift; sourceTree = "<group>"; };
		52B6169920E9341800A1A416 /* JCRoomRate.swift */ = {isa = PBXFileReference; fileEncoding = 4; lastKnownFileType = sourcecode.swift; path = JCRoomRate.swift; sourceTree = "<group>"; };
		52B6169A20E9341800A1A416 /* JCAdditionalDetail.swift */ = {isa = PBXFileReference; fileEncoding = 4; lastKnownFileType = sourcecode.swift; path = JCAdditionalDetail.swift; sourceTree = "<group>"; };
		52B6169B20E9341900A1A416 /* JCWarning.swift */ = {isa = PBXFileReference; fileEncoding = 4; lastKnownFileType = sourcecode.swift; path = JCWarning.swift; sourceTree = "<group>"; };
		52B6169C20E9341900A1A416 /* JCAvailability.swift */ = {isa = PBXFileReference; fileEncoding = 4; lastKnownFileType = sourcecode.swift; path = JCAvailability.swift; sourceTree = "<group>"; };
		52B6169D20E9341900A1A416 /* JCGuaranteePayment.swift */ = {isa = PBXFileReference; fileEncoding = 4; lastKnownFileType = sourcecode.swift; path = JCGuaranteePayment.swift; sourceTree = "<group>"; };
		52B6169E20E9341900A1A416 /* JCPenaltyDescription.swift */ = {isa = PBXFileReference; fileEncoding = 4; lastKnownFileType = sourcecode.swift; path = JCPenaltyDescription.swift; sourceTree = "<group>"; };
		52B6169F20E9341900A1A416 /* JCHotelRef.swift */ = {isa = PBXFileReference; fileEncoding = 4; lastKnownFileType = sourcecode.swift; path = JCHotelRef.swift; sourceTree = "<group>"; };
		52B616A020E9341900A1A416 /* JCFee.swift */ = {isa = PBXFileReference; fileEncoding = 4; lastKnownFileType = sourcecode.swift; path = JCFee.swift; sourceTree = "<group>"; };
		52B616A120E9341A00A1A416 /* JCTax.swift */ = {isa = PBXFileReference; fileEncoding = 4; lastKnownFileType = sourcecode.swift; path = JCTax.swift; sourceTree = "<group>"; };
		52B616A220E9341A00A1A416 /* JCBasicPropertyInfo.swift */ = {isa = PBXFileReference; fileEncoding = 4; lastKnownFileType = sourcecode.swift; path = JCBasicPropertyInfo.swift; sourceTree = "<group>"; };
		52B616A320E9341A00A1A416 /* JCAddres.swift */ = {isa = PBXFileReference; fileEncoding = 4; lastKnownFileType = sourcecode.swift; path = JCAddres.swift; sourceTree = "<group>"; };
		52B616A420E9341A00A1A416 /* JCCancelPenalty.swift */ = {isa = PBXFileReference; fileEncoding = 4; lastKnownFileType = sourcecode.swift; path = JCCancelPenalty.swift; sourceTree = "<group>"; };
		52B616A520E9341A00A1A416 /* JCCriteria.swift */ = {isa = PBXFileReference; fileEncoding = 4; lastKnownFileType = sourcecode.swift; path = JCCriteria.swift; sourceTree = "<group>"; };
		52B616A620E9341A00A1A416 /* JCCheckAvaibility.swift */ = {isa = PBXFileReference; fileEncoding = 4; lastKnownFileType = sourcecode.swift; path = JCCheckAvaibility.swift; sourceTree = "<group>"; };
		52B616A720E9341A00A1A416 /* JCRatePlan.swift */ = {isa = PBXFileReference; fileEncoding = 4; lastKnownFileType = sourcecode.swift; path = JCRatePlan.swift; sourceTree = "<group>"; };
		52B616A820E9341B00A1A416 /* JCRoomType.swift */ = {isa = PBXFileReference; fileEncoding = 4; lastKnownFileType = sourcecode.swift; path = JCRoomType.swift; sourceTree = "<group>"; };
		52B616A920E9341B00A1A416 /* JCRatePlanDescription.swift */ = {isa = PBXFileReference; fileEncoding = 4; lastKnownFileType = sourcecode.swift; path = JCRatePlanDescription.swift; sourceTree = "<group>"; };
		52B616AA20E9341B00A1A416 /* JCCancelPolicy.swift */ = {isa = PBXFileReference; fileEncoding = 4; lastKnownFileType = sourcecode.swift; path = JCCancelPolicy.swift; sourceTree = "<group>"; };
		52B616AB20E9341B00A1A416 /* JCNightlyRate.swift */ = {isa = PBXFileReference; fileEncoding = 4; lastKnownFileType = sourcecode.swift; path = JCNightlyRate.swift; sourceTree = "<group>"; };
		52B616AC20E9341B00A1A416 /* JCPaymentPolicy.swift */ = {isa = PBXFileReference; fileEncoding = 4; lastKnownFileType = sourcecode.swift; path = JCPaymentPolicy.swift; sourceTree = "<group>"; };
		52B616AD20E9341B00A1A416 /* JCCriterion.swift */ = {isa = PBXFileReference; fileEncoding = 4; lastKnownFileType = sourcecode.swift; path = JCCriterion.swift; sourceTree = "<group>"; };
		52B616AE20E9341B00A1A416 /* JCRoomStay.swift */ = {isa = PBXFileReference; fileEncoding = 4; lastKnownFileType = sourcecode.swift; path = JCRoomStay.swift; sourceTree = "<group>"; };
		52B616AF20E9341C00A1A416 /* JCEnvelope.swift */ = {isa = PBXFileReference; fileEncoding = 4; lastKnownFileType = sourcecode.swift; path = JCEnvelope.swift; sourceTree = "<group>"; };
		52B616B020E9341C00A1A416 /* JCRoomDescription.swift */ = {isa = PBXFileReference; fileEncoding = 4; lastKnownFileType = sourcecode.swift; path = JCRoomDescription.swift; sourceTree = "<group>"; };
		52B616B120E9341C00A1A416 /* JCBase.swift */ = {isa = PBXFileReference; fileEncoding = 4; lastKnownFileType = sourcecode.swift; path = JCBase.swift; sourceTree = "<group>"; };
		52B616B220E9341C00A1A416 /* JCBody.swift */ = {isa = PBXFileReference; fileEncoding = 4; lastKnownFileType = sourcecode.swift; path = JCBody.swift; sourceTree = "<group>"; };
		52B616B320E9341C00A1A416 /* JCCountryName.swift */ = {isa = PBXFileReference; fileEncoding = 4; lastKnownFileType = sourcecode.swift; path = JCCountryName.swift; sourceTree = "<group>"; };
		52B616B420E9341C00A1A416 /* JCOccupancy.swift */ = {isa = PBXFileReference; fileEncoding = 4; lastKnownFileType = sourcecode.swift; path = JCOccupancy.swift; sourceTree = "<group>"; };
		52B616B520E9341D00A1A416 /* JCTPAExtension.swift */ = {isa = PBXFileReference; fileEncoding = 4; lastKnownFileType = sourcecode.swift; path = JCTPAExtension.swift; sourceTree = "<group>"; };
		52B616B620E9341D00A1A416 /* JCContactNumber.swift */ = {isa = PBXFileReference; fileEncoding = 4; lastKnownFileType = sourcecode.swift; path = JCContactNumber.swift; sourceTree = "<group>"; };
		52B616B720E9341D00A1A416 /* JCAmountPercent.swift */ = {isa = PBXFileReference; fileEncoding = 4; lastKnownFileType = sourcecode.swift; path = JCAmountPercent.swift; sourceTree = "<group>"; };
		52B616B820E9341D00A1A416 /* JCTotal.swift */ = {isa = PBXFileReference; fileEncoding = 4; lastKnownFileType = sourcecode.swift; path = JCTotal.swift; sourceTree = "<group>"; };
		52B616B920E9341E00A1A416 /* JCTaxe.swift */ = {isa = PBXFileReference; fileEncoding = 4; lastKnownFileType = sourcecode.swift; path = JCTaxe.swift; sourceTree = "<group>"; };
		52B616E020E948F200A1A416 /* SplashViewController.swift */ = {isa = PBXFileReference; lastKnownFileType = sourcecode.swift; path = SplashViewController.swift; sourceTree = "<group>"; };
		52B616E220E94B5B00A1A416 /* AlertView.swift */ = {isa = PBXFileReference; fileEncoding = 4; lastKnownFileType = sourcecode.swift; path = AlertView.swift; sourceTree = "<group>"; };
		52B616E420E94D3F00A1A416 /* Helper.swift */ = {isa = PBXFileReference; lastKnownFileType = sourcecode.swift; path = Helper.swift; sourceTree = "<group>"; };
		8963E40941314293147FBF58 /* Pods-JazHotels.debug.xcconfig */ = {isa = PBXFileReference; includeInIndex = 1; lastKnownFileType = text.xcconfig; name = "Pods-JazHotels.debug.xcconfig"; path = "Pods/Target Support Files/Pods-JazHotels/Pods-JazHotels.debug.xcconfig"; sourceTree = "<group>"; };
		925F604466D8797ABBF10B44 /* Pods_JazHotels.framework */ = {isa = PBXFileReference; explicitFileType = wrapper.framework; includeInIndex = 0; path = Pods_JazHotels.framework; sourceTree = BUILT_PRODUCTS_DIR; };
		9AE61C7D20DAC74B006160C1 /* Montserrat-MediumItalic.otf */ = {isa = PBXFileReference; lastKnownFileType = file; path = "Montserrat-MediumItalic.otf"; sourceTree = "<group>"; };
		9AE61C7E20DAC74B006160C1 /* Montserrat-Bold.otf */ = {isa = PBXFileReference; lastKnownFileType = file; path = "Montserrat-Bold.otf"; sourceTree = "<group>"; };
		9AE61C7F20DAC74B006160C1 /* Montserrat-BlackItalic.otf */ = {isa = PBXFileReference; lastKnownFileType = file; path = "Montserrat-BlackItalic.otf"; sourceTree = "<group>"; };
		9AE61C8020DAC74B006160C1 /* SIL Open Font License.txt */ = {isa = PBXFileReference; fileEncoding = 4; lastKnownFileType = text; path = "SIL Open Font License.txt"; sourceTree = "<group>"; };
		9AE61C8120DAC74B006160C1 /* MontserratAlternates-Black.otf */ = {isa = PBXFileReference; lastKnownFileType = file; path = "MontserratAlternates-Black.otf"; sourceTree = "<group>"; };
		9AE61C8220DAC74B006160C1 /* MontserratAlternates-LightItalic.otf */ = {isa = PBXFileReference; lastKnownFileType = file; path = "MontserratAlternates-LightItalic.otf"; sourceTree = "<group>"; };
		9AE61C8320DAC74B006160C1 /* MontserratAlternates-Medium.otf */ = {isa = PBXFileReference; lastKnownFileType = file; path = "MontserratAlternates-Medium.otf"; sourceTree = "<group>"; };
		9AE61C8420DAC74B006160C1 /* Montserrat-BoldItalic.otf */ = {isa = PBXFileReference; lastKnownFileType = file; path = "Montserrat-BoldItalic.otf"; sourceTree = "<group>"; };
		9AE61C8520DAC74B006160C1 /* Montserrat-Light.otf */ = {isa = PBXFileReference; lastKnownFileType = file; path = "Montserrat-Light.otf"; sourceTree = "<group>"; };
		9AE61C8620DAC74B006160C1 /* Montserrat-ThinItalic.otf */ = {isa = PBXFileReference; lastKnownFileType = file; path = "Montserrat-ThinItalic.otf"; sourceTree = "<group>"; };
		9AE61C8720DAC74B006160C1 /* Montserrat-Thin.otf */ = {isa = PBXFileReference; lastKnownFileType = file; path = "Montserrat-Thin.otf"; sourceTree = "<group>"; };
		9AE61C8820DAC74B006160C1 /* MontserratAlternates-MediumItalic.otf */ = {isa = PBXFileReference; lastKnownFileType = file; path = "MontserratAlternates-MediumItalic.otf"; sourceTree = "<group>"; };
		9AE61C8920DAC74B006160C1 /* Montserrat-ExtraLight.otf */ = {isa = PBXFileReference; lastKnownFileType = file; path = "Montserrat-ExtraLight.otf"; sourceTree = "<group>"; };
		9AE61C8A20DAC74B006160C1 /* MontserratAlternates-BlackItalic.otf */ = {isa = PBXFileReference; lastKnownFileType = file; path = "MontserratAlternates-BlackItalic.otf"; sourceTree = "<group>"; };
		9AE61C8B20DAC74B006160C1 /* MontserratAlternates-Bold.otf */ = {isa = PBXFileReference; lastKnownFileType = file; path = "MontserratAlternates-Bold.otf"; sourceTree = "<group>"; };
		9AE61C8C20DAC74B006160C1 /* MontserratAlternates-ExtraLightItalic.otf */ = {isa = PBXFileReference; lastKnownFileType = file; path = "MontserratAlternates-ExtraLightItalic.otf"; sourceTree = "<group>"; };
		9AE61C8D20DAC74B006160C1 /* MontserratAlternates-Thin.otf */ = {isa = PBXFileReference; lastKnownFileType = file; path = "MontserratAlternates-Thin.otf"; sourceTree = "<group>"; };
		9AE61C8E20DAC74B006160C1 /* Montserrat-LightItalic.otf */ = {isa = PBXFileReference; lastKnownFileType = file; path = "Montserrat-LightItalic.otf"; sourceTree = "<group>"; };
		9AE61C8F20DAC74B006160C1 /* Montserrat-Medium.otf */ = {isa = PBXFileReference; lastKnownFileType = file; path = "Montserrat-Medium.otf"; sourceTree = "<group>"; };
		9AE61C9020DAC74B006160C1 /* MontserratAlternates-SemiBoldItalic.otf */ = {isa = PBXFileReference; lastKnownFileType = file; path = "MontserratAlternates-SemiBoldItalic.otf"; sourceTree = "<group>"; };
		9AE61C9120DAC74B006160C1 /* Montserrat-SemiBoldItalic.otf */ = {isa = PBXFileReference; lastKnownFileType = file; path = "Montserrat-SemiBoldItalic.otf"; sourceTree = "<group>"; };
		9AE61C9220DAC74B006160C1 /* Montserrat-ExtraBoldItalic.otf */ = {isa = PBXFileReference; lastKnownFileType = file; path = "Montserrat-ExtraBoldItalic.otf"; sourceTree = "<group>"; };
		9AE61C9320DAC74B006160C1 /* Montserrat-Italic.otf */ = {isa = PBXFileReference; lastKnownFileType = file; path = "Montserrat-Italic.otf"; sourceTree = "<group>"; };
		9AE61C9420DAC74B006160C1 /* MontserratAlternates-SemiBold.otf */ = {isa = PBXFileReference; lastKnownFileType = file; path = "MontserratAlternates-SemiBold.otf"; sourceTree = "<group>"; };
		9AE61C9520DAC74B006160C1 /* Montserrat-Regular.otf */ = {isa = PBXFileReference; lastKnownFileType = file; path = "Montserrat-Regular.otf"; sourceTree = "<group>"; };
		9AE61C9620DAC74B006160C1 /* MontserratAlternates-ExtraBold.otf */ = {isa = PBXFileReference; lastKnownFileType = file; path = "MontserratAlternates-ExtraBold.otf"; sourceTree = "<group>"; };
		9AE61C9720DAC74B006160C1 /* MontserratAlternates-BoldItalic.otf */ = {isa = PBXFileReference; lastKnownFileType = file; path = "MontserratAlternates-BoldItalic.otf"; sourceTree = "<group>"; };
		9AE61C9820DAC74B006160C1 /* Montserrat-ExtraBold.otf */ = {isa = PBXFileReference; lastKnownFileType = file; path = "Montserrat-ExtraBold.otf"; sourceTree = "<group>"; };
		9AE61C9920DAC74B006160C1 /* Montserrat-ExtraLightItalic.otf */ = {isa = PBXFileReference; lastKnownFileType = file; path = "Montserrat-ExtraLightItalic.otf"; sourceTree = "<group>"; };
		9AE61C9A20DAC74B006160C1 /* MontserratAlternates-Light.otf */ = {isa = PBXFileReference; lastKnownFileType = file; path = "MontserratAlternates-Light.otf"; sourceTree = "<group>"; };
		9AE61C9B20DAC74B006160C1 /* MontserratAlternates-ExtraLight.otf */ = {isa = PBXFileReference; lastKnownFileType = file; path = "MontserratAlternates-ExtraLight.otf"; sourceTree = "<group>"; };
		9AE61C9C20DAC74B006160C1 /* MontserratAlternates-Regular.otf */ = {isa = PBXFileReference; lastKnownFileType = file; path = "MontserratAlternates-Regular.otf"; sourceTree = "<group>"; };
		9AE61C9D20DAC74B006160C1 /* MontserratAlternates-ThinItalic.otf */ = {isa = PBXFileReference; lastKnownFileType = file; path = "MontserratAlternates-ThinItalic.otf"; sourceTree = "<group>"; };
		9AE61C9E20DAC74B006160C1 /* Montserrat-Black.otf */ = {isa = PBXFileReference; lastKnownFileType = file; path = "Montserrat-Black.otf"; sourceTree = "<group>"; };
		9AE61C9F20DAC74B006160C1 /* MontserratAlternates-ExtraBoldItalic.otf */ = {isa = PBXFileReference; lastKnownFileType = file; path = "MontserratAlternates-ExtraBoldItalic.otf"; sourceTree = "<group>"; };
		9AE61CA020DAC74B006160C1 /* MontserratAlternates-Italic.otf */ = {isa = PBXFileReference; lastKnownFileType = file; path = "MontserratAlternates-Italic.otf"; sourceTree = "<group>"; };
		9AE61CA120DAC74B006160C1 /* Montserrat-SemiBold.otf */ = {isa = PBXFileReference; lastKnownFileType = file; path = "Montserrat-SemiBold.otf"; sourceTree = "<group>"; };
		9AE61CCD20DAE0BD006160C1 /* Base */ = {isa = PBXFileReference; lastKnownFileType = file.storyboard; name = Base; path = Base.lproj/Main.storyboard; sourceTree = "<group>"; };
/* End PBXFileReference section */

/* Begin PBXFrameworksBuildPhase section */
		524EEE6B20DA840D006B9917 /* Frameworks */ = {
			isa = PBXFrameworksBuildPhase;
			buildActionMask = 2147483647;
			files = (
				FA34B49D79DD74C9696B2EEE /* Pods_JazHotels.framework in Frameworks */,
			);
			runOnlyForDeploymentPostprocessing = 0;
		};
/* End PBXFrameworksBuildPhase section */

/* Begin PBXGroup section */
		524EEE6520DA840D006B9917 = {
			isa = PBXGroup;
			children = (
				524EEE7020DA840D006B9917 /* JazHotels */,
				524EEE6F20DA840D006B9917 /* Products */,
				92276CA12D50E4A86FD2D42D /* Pods */,
				B5E9232516D4B0033B321F42 /* Frameworks */,
			);
			sourceTree = "<group>";
		};
		524EEE6F20DA840D006B9917 /* Products */ = {
			isa = PBXGroup;
			children = (
				524EEE6E20DA840D006B9917 /* JazHotels.app */,
			);
			name = Products;
			sourceTree = "<group>";
		};
		524EEE7020DA840D006B9917 /* JazHotels */ = {
			isa = PBXGroup;
			children = (
				52B615F920E891C100A1A416 /* JModels */,
				528F600A20E82E87003111E7 /* Helpers */,
				528F600720E7BF7B003111E7 /* Managers */,
				9AE61CCA20DAE077006160C1 /* AppDelegate */,
				9AE61CC720DAE057006160C1 /* ViewControllers */,
				9AE61CCB20DAE09F006160C1 /* StoryBoards */,
				9AE61C7A20DAC737006160C1 /* resources */,
				524EEE7820DA840F006B9917 /* Assets.xcassets */,
				524EEE7A20DA840F006B9917 /* LaunchScreen.storyboard */,
			);
			path = JazHotels;
			sourceTree = "<group>";
		};
		528F600720E7BF7B003111E7 /* Managers */ = {
			isa = PBXGroup;
			children = (
				528F600820E7BFB9003111E7 /* ServiceManager.swift */,
			);
			path = Managers;
			sourceTree = "<group>";
		};
		528F600A20E82E87003111E7 /* Helpers */ = {
			isa = PBXGroup;
			children = (
				52B616E220E94B5B00A1A416 /* AlertView.swift */,
				52B615F420E8847100A1A416 /* XMLDictionary */,
				528F600B20E82EA0003111E7 /* XMLParser.swift */,
				52B615F820E884C500A1A416 /* JazHotels-Bridging-Header.h */,
				52B616E420E94D3F00A1A416 /* Helper.swift */,
			);
			path = Helpers;
			sourceTree = "<group>";
		};
		52B615F420E8847100A1A416 /* XMLDictionary */ = {
			isa = PBXGroup;
			children = (
				52B615F520E8847100A1A416 /* XMLDictionary.h */,
				52B615F620E8847100A1A416 /* XMLDictionary.m */,
			);
			path = XMLDictionary;
			sourceTree = "<group>";
		};
		52B615F920E891C100A1A416 /* JModels */ = {
			isa = PBXGroup;
			children = (
				52B6169A20E9341800A1A416 /* JCAdditionalDetail.swift */,
				52B616A320E9341A00A1A416 /* JCAddres.swift */,
				52B616B720E9341D00A1A416 /* JCAmountPercent.swift */,
				52B6169C20E9341900A1A416 /* JCAvailability.swift */,
				52B616B120E9341C00A1A416 /* JCBase.swift */,
				52B616A220E9341A00A1A416 /* JCBasicPropertyInfo.swift */,
				52B616B220E9341C00A1A416 /* JCBody.swift */,
				52B616A420E9341A00A1A416 /* JCCancelPenalty.swift */,
				52B616AA20E9341B00A1A416 /* JCCancelPolicy.swift */,
				52B616A620E9341A00A1A416 /* JCCheckAvaibility.swift */,
				52B616B620E9341D00A1A416 /* JCContactNumber.swift */,
				52B616B320E9341C00A1A416 /* JCCountryName.swift */,
				52B616A520E9341A00A1A416 /* JCCriteria.swift */,
				52B616AD20E9341B00A1A416 /* JCCriterion.swift */,
				52B6169520E9341800A1A416 /* JCDeadline.swift */,
				52B616AF20E9341C00A1A416 /* JCEnvelope.swift */,
				52B616A020E9341900A1A416 /* JCFee.swift */,
				52B6169620E9341800A1A416 /* JCGuarantee.swift */,
				52B6169D20E9341900A1A416 /* JCGuaranteePayment.swift */,
				52B6169F20E9341900A1A416 /* JCHotelRef.swift */,
				52B6169820E9341800A1A416 /* JCMealsIncluded.swift */,
				52B616AB20E9341B00A1A416 /* JCNightlyRate.swift */,
				52B616B420E9341C00A1A416 /* JCOccupancy.swift */,
				52B6169720E9341800A1A416 /* JCOTAHotelAvailRS.swift */,
				52B616AC20E9341B00A1A416 /* JCPaymentPolicy.swift */,
				52B6169E20E9341900A1A416 /* JCPenaltyDescription.swift */,
				52B6169420E9341700A1A416 /* JCRate.swift */,
				52B616A720E9341A00A1A416 /* JCRatePlan.swift */,
				52B616A920E9341B00A1A416 /* JCRatePlanDescription.swift */,
				52B616B020E9341C00A1A416 /* JCRoomDescription.swift */,
				52B6169920E9341800A1A416 /* JCRoomRate.swift */,
				52B616AE20E9341B00A1A416 /* JCRoomStay.swift */,
				52B616A820E9341B00A1A416 /* JCRoomType.swift */,
				52B616A120E9341A00A1A416 /* JCTax.swift */,
				52B616B920E9341E00A1A416 /* JCTaxe.swift */,
				52B616B820E9341D00A1A416 /* JCTotal.swift */,
				52B616B520E9341D00A1A416 /* JCTPAExtension.swift */,
				52B6169B20E9341900A1A416 /* JCWarning.swift */,
				52B615FA20E891C100A1A416 /* JTextItem.swift */,
				52B615FB20E891C100A1A416 /* JCancelPolicy.swift */,
				52B615FC20E891C100A1A416 /* JAward.swift */,
				52B615FD20E891C100A1A416 /* JPetsPolicy.swift */,
				52B615FE20E891C100A1A416 /* JAddres.swift */,
				52B615FF20E891C100A1A416 /* JGuestRoomInfo.swift */,
				52B6160020E891C100A1A416 /* JRefPoint.swift */,
				52B6160120E891C100A1A416 /* JAmenity.swift */,
				52B6160220E891C100A1A416 /* JRelativePosition.swift */,
				52B6160320E891C100A1A416 /* JAreaInfo.swift */,
				52B6160420E891C100A1A416 /* JPosition.swift */,
				52B6160520E891C100A1A416 /* JURL.swift */,
				52B6160620E891C100A1A416 /* JHotelInfo.swift */,
				52B6160720E891C100A1A416 /* JInfoCode.swift */,
				52B6160820E891C100A1A416 /* JEmail.swift */,
				52B6160920E891C100A1A416 /* JPhone.swift */,
				52B6160A20E891C100A1A416 /* JSoap:Body.swift */,
				52B6160B20E891C100A1A416 /* JOccupancy.swift */,
				52B6160C20E891C100A1A416 /* JRenovation.swift */,
				52B6160D20E891C100A1A416 /* JName.swift */,
				52B6160E20E891C100A1A416 /* JMultimediaDescription.swift */,
				52B6160F20E891C100A1A416 /* JPaymentPolicy.swift */,
				52B6161020E891C100A1A416 /* JHotelCategory.swift */,
				52B6161120E891C100A1A416 /* JPenaltyDescription.swift */,
				52B6161220E891C100A1A416 /* JOTAHotelDescriptiveInfoRS.swift */,
				52B6161320E891C100A1A416 /* JRestaurant.swift */,
				52B6161420E891C100A1A416 /* JAvailableCapacity.swift */,
				52B6161520E891C100A1A416 /* JFeature.swift */,
				52B6161620E891C100A1A416 /* JAttraction.swift */,
				52B6161720E891C100A1A416 /* JHotelDescriptiveContent.swift */,
				52B6161820E891C100A1A416 /* JPolicyInfo.swift */,
				52B6161920E891C100A1A416 /* JContactInfo.swift */,
				52B6161A20E891C100A1A416 /* JService.swift */,
				52B6161B20E891C100A1A416 /* JMeetingRoomCapacity.swift */,
				52B6161C20E891C100A1A416 /* JDimension.swift */,
				52B6161D20E891C100A1A416 /* JAddresse.swift */,
				52B6161E20E891C100A1A416 /* JStateProv.swift */,
				52B6161F20E891C100A1A416 /* JDescription.swift */,
				52B6162020E891C100A1A416 /* JFacilityInfo.swift */,
				52B6162120E891C100A1A416 /* JCancelPenalty.swift */,
				52B6162220E891C100A1A416 /* JAffiliationInfo.swift */,
				52B6162320E891C100A1A416 /* JMeetingRoom.swift */,
				52B6162420E891C100A1A416 /* JPaymentCard.swift */,
				52B6162520E891C100A1A416 /* JSoap:Envelope.swift */,
				52B6162620E891C100A1A416 /* JGuestRoom.swift */,
				52B6162720E891C100A1A416 /* JHotels.swift */,
				52B6162820E891C100A1A416 /* JCategoryCode.swift */,
				52B6162920E891C100A1A416 /* JTypeRoom.swift */,
				52B6162A20E891C100A1A416 /* JRequiredPayment.swift */,
				52B6162B20E891C100A1A416 /* JPolicy.swift */,
				52B6162C20E891C100A1A416 /* JTransportation.swift */,
				52B6162D20E891C100A1A416 /* JCommissionPolicy.swift */,
				52B6162E20E891C100A1A416 /* JDeadline.swift */,
				52B6162F20E891C100A1A416 /* JRecreation.swift */,
				52B6163020E891C100A1A416 /* JAcceptedPayment.swift */,
				52B6163120E891C100A1A416 /* JCountryName.swift */,
				52B6163220E891C100A1A416 /* JHotelName.swift */,
			);
			path = JModels;
			sourceTree = "<group>";
		};
		92276CA12D50E4A86FD2D42D /* Pods */ = {
			isa = PBXGroup;
			children = (
				8963E40941314293147FBF58 /* Pods-JazHotels.debug.xcconfig */,
				42D73029D47BCCF9EDE78E08 /* Pods-JazHotels.release.xcconfig */,
			);
			name = Pods;
			sourceTree = "<group>";
		};
		9AE61C7A20DAC737006160C1 /* resources */ = {
			isa = PBXGroup;
			children = (
				524EEE7D20DA840F006B9917 /* Info.plist */,
				9AE61C7B20DAC740006160C1 /* fonts */,
			);
			path = resources;
			sourceTree = "<group>";
		};
		9AE61C7B20DAC740006160C1 /* fonts */ = {
			isa = PBXGroup;
			children = (
				9AE61C7C20DAC74B006160C1 /* montserrat */,
			);
			path = fonts;
			sourceTree = "<group>";
		};
		9AE61C7C20DAC74B006160C1 /* montserrat */ = {
			isa = PBXGroup;
			children = (
				9AE61C7D20DAC74B006160C1 /* Montserrat-MediumItalic.otf */,
				9AE61C7E20DAC74B006160C1 /* Montserrat-Bold.otf */,
				9AE61C7F20DAC74B006160C1 /* Montserrat-BlackItalic.otf */,
				9AE61C8020DAC74B006160C1 /* SIL Open Font License.txt */,
				9AE61C8120DAC74B006160C1 /* MontserratAlternates-Black.otf */,
				9AE61C8220DAC74B006160C1 /* MontserratAlternates-LightItalic.otf */,
				9AE61C8320DAC74B006160C1 /* MontserratAlternates-Medium.otf */,
				9AE61C8420DAC74B006160C1 /* Montserrat-BoldItalic.otf */,
				9AE61C8520DAC74B006160C1 /* Montserrat-Light.otf */,
				9AE61C8620DAC74B006160C1 /* Montserrat-ThinItalic.otf */,
				9AE61C8720DAC74B006160C1 /* Montserrat-Thin.otf */,
				9AE61C8820DAC74B006160C1 /* MontserratAlternates-MediumItalic.otf */,
				9AE61C8920DAC74B006160C1 /* Montserrat-ExtraLight.otf */,
				9AE61C8A20DAC74B006160C1 /* MontserratAlternates-BlackItalic.otf */,
				9AE61C8B20DAC74B006160C1 /* MontserratAlternates-Bold.otf */,
				9AE61C8C20DAC74B006160C1 /* MontserratAlternates-ExtraLightItalic.otf */,
				9AE61C8D20DAC74B006160C1 /* MontserratAlternates-Thin.otf */,
				9AE61C8E20DAC74B006160C1 /* Montserrat-LightItalic.otf */,
				9AE61C8F20DAC74B006160C1 /* Montserrat-Medium.otf */,
				9AE61C9020DAC74B006160C1 /* MontserratAlternates-SemiBoldItalic.otf */,
				9AE61C9120DAC74B006160C1 /* Montserrat-SemiBoldItalic.otf */,
				9AE61C9220DAC74B006160C1 /* Montserrat-ExtraBoldItalic.otf */,
				9AE61C9320DAC74B006160C1 /* Montserrat-Italic.otf */,
				9AE61C9420DAC74B006160C1 /* MontserratAlternates-SemiBold.otf */,
				9AE61C9520DAC74B006160C1 /* Montserrat-Regular.otf */,
				9AE61C9620DAC74B006160C1 /* MontserratAlternates-ExtraBold.otf */,
				9AE61C9720DAC74B006160C1 /* MontserratAlternates-BoldItalic.otf */,
				9AE61C9820DAC74B006160C1 /* Montserrat-ExtraBold.otf */,
				9AE61C9920DAC74B006160C1 /* Montserrat-ExtraLightItalic.otf */,
				9AE61C9A20DAC74B006160C1 /* MontserratAlternates-Light.otf */,
				9AE61C9B20DAC74B006160C1 /* MontserratAlternates-ExtraLight.otf */,
				9AE61C9C20DAC74B006160C1 /* MontserratAlternates-Regular.otf */,
				9AE61C9D20DAC74B006160C1 /* MontserratAlternates-ThinItalic.otf */,
				9AE61C9E20DAC74B006160C1 /* Montserrat-Black.otf */,
				9AE61C9F20DAC74B006160C1 /* MontserratAlternates-ExtraBoldItalic.otf */,
				9AE61CA020DAC74B006160C1 /* MontserratAlternates-Italic.otf */,
				9AE61CA120DAC74B006160C1 /* Montserrat-SemiBold.otf */,
			);
			path = montserrat;
			sourceTree = "<group>";
		};
		9AE61CC720DAE057006160C1 /* ViewControllers */ = {
			isa = PBXGroup;
			children = (
				524EEE7320DA840D006B9917 /* ViewController.swift */,
				52B616E020E948F200A1A416 /* SplashViewController.swift */,
			);
			path = ViewControllers;
			sourceTree = "<group>";
		};
		9AE61CCA20DAE077006160C1 /* AppDelegate */ = {
			isa = PBXGroup;
			children = (
				524EEE7120DA840D006B9917 /* AppDelegate.swift */,
			);
			path = AppDelegate;
			sourceTree = "<group>";
		};
		9AE61CCB20DAE09F006160C1 /* StoryBoards */ = {
			isa = PBXGroup;
			children = (
				9AE61CCC20DAE0BD006160C1 /* Main.storyboard */,
			);
			path = StoryBoards;
			sourceTree = "<group>";
		};
		B5E9232516D4B0033B321F42 /* Frameworks */ = {
			isa = PBXGroup;
			children = (
				925F604466D8797ABBF10B44 /* Pods_JazHotels.framework */,
			);
			name = Frameworks;
			sourceTree = "<group>";
		};
/* End PBXGroup section */

/* Begin PBXNativeTarget section */
		524EEE6D20DA840D006B9917 /* JazHotels */ = {
			isa = PBXNativeTarget;
			buildConfigurationList = 524EEE8020DA840F006B9917 /* Build configuration list for PBXNativeTarget "JazHotels" */;
			buildPhases = (
				C1317609AE491E811935A58B /* [CP] Check Pods Manifest.lock */,
				524EEE6A20DA840D006B9917 /* Sources */,
				524EEE6B20DA840D006B9917 /* Frameworks */,
				524EEE6C20DA840D006B9917 /* Resources */,
				94637E4F20268CEF4DF8057A /* [CP] Embed Pods Frameworks */,
			);
			buildRules = (
			);
			dependencies = (
			);
			name = JazHotels;
			productName = JazHotels;
			productReference = 524EEE6E20DA840D006B9917 /* JazHotels.app */;
			productType = "com.apple.product-type.application";
		};
/* End PBXNativeTarget section */

/* Begin PBXProject section */
		524EEE6620DA840D006B9917 /* Project object */ = {
			isa = PBXProject;
			attributes = {
				LastSwiftUpdateCheck = 0940;
				LastUpgradeCheck = 0940;
				ORGANIZATIONNAME = Jaz;
				TargetAttributes = {
					524EEE6D20DA840D006B9917 = {
						CreatedOnToolsVersion = 9.4;
					};
				};
			};
			buildConfigurationList = 524EEE6920DA840D006B9917 /* Build configuration list for PBXProject "JazHotels" */;
			compatibilityVersion = "Xcode 9.3";
			developmentRegion = en;
			hasScannedForEncodings = 0;
			knownRegions = (
				en,
				Base,
			);
			mainGroup = 524EEE6520DA840D006B9917;
			productRefGroup = 524EEE6F20DA840D006B9917 /* Products */;
			projectDirPath = "";
			projectRoot = "";
			targets = (
				524EEE6D20DA840D006B9917 /* JazHotels */,
			);
		};
/* End PBXProject section */

/* Begin PBXResourcesBuildPhase section */
		524EEE6C20DA840D006B9917 /* Resources */ = {
			isa = PBXResourcesBuildPhase;
			buildActionMask = 2147483647;
			files = (
				9AE61CBB20DAC74B006160C1 /* MontserratAlternates-ExtraBold.otf in Resources */,
				9AE61CBD20DAC74B006160C1 /* Montserrat-ExtraBold.otf in Resources */,
				9AE61CC320DAC74B006160C1 /* Montserrat-Black.otf in Resources */,
				9AE61CA520DAC74B006160C1 /* SIL Open Font License.txt in Resources */,
				9AE61CC120DAC74B006160C1 /* MontserratAlternates-Regular.otf in Resources */,
				9AE61CA620DAC74B006160C1 /* MontserratAlternates-Black.otf in Resources */,
				9AE61CBE20DAC74B006160C1 /* Montserrat-ExtraLightItalic.otf in Resources */,
				9AE61CA320DAC74B006160C1 /* Montserrat-Bold.otf in Resources */,
				9AE61CAF20DAC74B006160C1 /* MontserratAlternates-BlackItalic.otf in Resources */,
				9AE61CC620DAC74B006160C1 /* Montserrat-SemiBold.otf in Resources */,
				524EEE7C20DA840F006B9917 /* LaunchScreen.storyboard in Resources */,
				9AE61CCE20DAE0BD006160C1 /* Main.storyboard in Resources */,
				9AE61CA920DAC74B006160C1 /* Montserrat-BoldItalic.otf in Resources */,
				9AE61CC220DAC74B006160C1 /* MontserratAlternates-ThinItalic.otf in Resources */,
				9AE61CAB20DAC74B006160C1 /* Montserrat-ThinItalic.otf in Resources */,
				9AE61CA820DAC74B006160C1 /* MontserratAlternates-Medium.otf in Resources */,
				9AE61CAD20DAC74B006160C1 /* MontserratAlternates-MediumItalic.otf in Resources */,
				9AE61CAE20DAC74B006160C1 /* Montserrat-ExtraLight.otf in Resources */,
				9AE61CA420DAC74B006160C1 /* Montserrat-BlackItalic.otf in Resources */,
				9AE61CB420DAC74B006160C1 /* Montserrat-Medium.otf in Resources */,
				9AE61CB120DAC74B006160C1 /* MontserratAlternates-ExtraLightItalic.otf in Resources */,
				9AE61CC420DAC74B006160C1 /* MontserratAlternates-ExtraBoldItalic.otf in Resources */,
				9AE61CA720DAC74B006160C1 /* MontserratAlternates-LightItalic.otf in Resources */,
				9AE61CB820DAC74B006160C1 /* Montserrat-Italic.otf in Resources */,
				9AE61CB320DAC74B006160C1 /* Montserrat-LightItalic.otf in Resources */,
				9AE61CAC20DAC74B006160C1 /* Montserrat-Thin.otf in Resources */,
				9AE61CB220DAC74B006160C1 /* MontserratAlternates-Thin.otf in Resources */,
				9AE61CBF20DAC74B006160C1 /* MontserratAlternates-Light.otf in Resources */,
				9AE61CB720DAC74B006160C1 /* Montserrat-ExtraBoldItalic.otf in Resources */,
				9AE61CBA20DAC74B006160C1 /* Montserrat-Regular.otf in Resources */,
				9AE61CA220DAC74B006160C1 /* Montserrat-MediumItalic.otf in Resources */,
				524EEE7920DA840F006B9917 /* Assets.xcassets in Resources */,
				9AE61CC020DAC74B006160C1 /* MontserratAlternates-ExtraLight.otf in Resources */,
				9AE61CBC20DAC74B006160C1 /* MontserratAlternates-BoldItalic.otf in Resources */,
				9AE61CB020DAC74B006160C1 /* MontserratAlternates-Bold.otf in Resources */,
				9AE61CC520DAC74B006160C1 /* MontserratAlternates-Italic.otf in Resources */,
				9AE61CB620DAC74B006160C1 /* Montserrat-SemiBoldItalic.otf in Resources */,
				9AE61CB920DAC74B006160C1 /* MontserratAlternates-SemiBold.otf in Resources */,
				9AE61CB520DAC74B006160C1 /* MontserratAlternates-SemiBoldItalic.otf in Resources */,
				9AE61CAA20DAC74B006160C1 /* Montserrat-Light.otf in Resources */,
			);
			runOnlyForDeploymentPostprocessing = 0;
		};
/* End PBXResourcesBuildPhase section */

/* Begin PBXShellScriptBuildPhase section */
		94637E4F20268CEF4DF8057A /* [CP] Embed Pods Frameworks */ = {
			isa = PBXShellScriptBuildPhase;
			buildActionMask = 2147483647;
			files = (
			);
			inputPaths = (
				"${SRCROOT}/Pods/Target Support Files/Pods-JazHotels/Pods-JazHotels-frameworks.sh",
				"${BUILT_PRODUCTS_DIR}/Alamofire/Alamofire.framework",
				"${BUILT_PRODUCTS_DIR}/BSKeyboardControls/BSKeyboardControls.framework",
				"${BUILT_PRODUCTS_DIR}/Kingfisher/Kingfisher.framework",
				"${BUILT_PRODUCTS_DIR}/NVActivityIndicatorView/NVActivityIndicatorView.framework",
				"${BUILT_PRODUCTS_DIR}/PullToRefreshKit/PullToRefreshKit.framework",
				"${BUILT_PRODUCTS_DIR}/SCLAlertView/SCLAlertView.framework",
				"${BUILT_PRODUCTS_DIR}/SIAlertView/SIAlertView.framework",
				"${BUILT_PRODUCTS_DIR}/SkyFloatingLabelTextField/SkyFloatingLabelTextField.framework",
				"${BUILT_PRODUCTS_DIR}/SwifterSwift/SwifterSwift.framework",
			);
			name = "[CP] Embed Pods Frameworks";
			outputPaths = (
				"${TARGET_BUILD_DIR}/${FRAMEWORKS_FOLDER_PATH}/Alamofire.framework",
				"${TARGET_BUILD_DIR}/${FRAMEWORKS_FOLDER_PATH}/BSKeyboardControls.framework",
				"${TARGET_BUILD_DIR}/${FRAMEWORKS_FOLDER_PATH}/Kingfisher.framework",
				"${TARGET_BUILD_DIR}/${FRAMEWORKS_FOLDER_PATH}/NVActivityIndicatorView.framework",
				"${TARGET_BUILD_DIR}/${FRAMEWORKS_FOLDER_PATH}/PullToRefreshKit.framework",
				"${TARGET_BUILD_DIR}/${FRAMEWORKS_FOLDER_PATH}/SCLAlertView.framework",
				"${TARGET_BUILD_DIR}/${FRAMEWORKS_FOLDER_PATH}/SIAlertView.framework",
				"${TARGET_BUILD_DIR}/${FRAMEWORKS_FOLDER_PATH}/SkyFloatingLabelTextField.framework",
				"${TARGET_BUILD_DIR}/${FRAMEWORKS_FOLDER_PATH}/SwifterSwift.framework",
			);
			runOnlyForDeploymentPostprocessing = 0;
			shellPath = /bin/sh;
			shellScript = "\"${SRCROOT}/Pods/Target Support Files/Pods-JazHotels/Pods-JazHotels-frameworks.sh\"\n";
			showEnvVarsInLog = 0;
		};
		C1317609AE491E811935A58B /* [CP] Check Pods Manifest.lock */ = {
			isa = PBXShellScriptBuildPhase;
			buildActionMask = 2147483647;
			files = (
			);
			inputPaths = (
				"${PODS_PODFILE_DIR_PATH}/Podfile.lock",
				"${PODS_ROOT}/Manifest.lock",
			);
			name = "[CP] Check Pods Manifest.lock";
			outputPaths = (
				"$(DERIVED_FILE_DIR)/Pods-JazHotels-checkManifestLockResult.txt",
			);
			runOnlyForDeploymentPostprocessing = 0;
			shellPath = /bin/sh;
			shellScript = "diff \"${PODS_PODFILE_DIR_PATH}/Podfile.lock\" \"${PODS_ROOT}/Manifest.lock\" > /dev/null\nif [ $? != 0 ] ; then\n    # print error to STDERR\n    echo \"error: The sandbox is not in sync with the Podfile.lock. Run 'pod install' or update your CocoaPods installation.\" >&2\n    exit 1\nfi\n# This output is used by Xcode 'outputs' to avoid re-running this script phase.\necho \"SUCCESS\" > \"${SCRIPT_OUTPUT_FILE_0}\"\n";
			showEnvVarsInLog = 0;
		};
/* End PBXShellScriptBuildPhase section */

/* Begin PBXSourcesBuildPhase section */
		524EEE6A20DA840D006B9917 /* Sources */ = {
			isa = PBXSourcesBuildPhase;
			buildActionMask = 2147483647;
			files = (
				52B616E120E948F200A1A416 /* SplashViewController.swift in Sources */,
				52B616D120E9341E00A1A416 /* JCNightlyRate.swift in Sources */,
				52B6163520E891C100A1A416 /* JAward.swift in Sources */,
				52B6165B20E891C100A1A416 /* JAffiliationInfo.swift in Sources */,
				52B6166520E891C100A1A416 /* JTransportation.swift in Sources */,
				52B6163820E891C100A1A416 /* JGuestRoomInfo.swift in Sources */,
				52B6165C20E891C100A1A416 /* JMeetingRoom.swift in Sources */,
				52B616D520E9341E00A1A416 /* JCEnvelope.swift in Sources */,
				52B616DA20E9341E00A1A416 /* JCOccupancy.swift in Sources */,
				52B6165020E891C100A1A416 /* JHotelDescriptiveContent.swift in Sources */,
				52B6164B20E891C100A1A416 /* JOTAHotelDescriptiveInfoRS.swift in Sources */,
				52B6164F20E891C100A1A416 /* JAttraction.swift in Sources */,
				52B615F720E8847100A1A416 /* XMLDictionary.m in Sources */,
				52B6166420E891C100A1A416 /* JPolicy.swift in Sources */,
				52B616D420E9341E00A1A416 /* JCRoomStay.swift in Sources */,
				52B6165320E891C100A1A416 /* JService.swift in Sources */,
				52B616D920E9341E00A1A416 /* JCCountryName.swift in Sources */,
				52B6163A20E891C100A1A416 /* JAmenity.swift in Sources */,
				52B6164E20E891C100A1A416 /* JFeature.swift in Sources */,
				52B616BE20E9341E00A1A416 /* JCMealsIncluded.swift in Sources */,
				52B6163920E891C100A1A416 /* JRefPoint.swift in Sources */,
				52B616D320E9341E00A1A416 /* JCCriterion.swift in Sources */,
				52B616C520E9341E00A1A416 /* JCHotelRef.swift in Sources */,
				52B616BB20E9341E00A1A416 /* JCDeadline.swift in Sources */,
				52B6164120E891C100A1A416 /* JEmail.swift in Sources */,
				52B6165520E891C100A1A416 /* JDimension.swift in Sources */,
				52B616C920E9341E00A1A416 /* JCAddres.swift in Sources */,
				52B6165120E891C100A1A416 /* JPolicyInfo.swift in Sources */,
				52B6166220E891C100A1A416 /* JTypeRoom.swift in Sources */,
				52B6166920E891C100A1A416 /* JAcceptedPayment.swift in Sources */,
				52B616D720E9341E00A1A416 /* JCBase.swift in Sources */,
				52B616DF20E9341E00A1A416 /* JCTaxe.swift in Sources */,
				52B616C020E9341E00A1A416 /* JCAdditionalDetail.swift in Sources */,
				52B6166620E891C100A1A416 /* JCommissionPolicy.swift in Sources */,
				52B6163420E891C100A1A416 /* JCancelPolicy.swift in Sources */,
				52B6165F20E891C100A1A416 /* JGuestRoom.swift in Sources */,
				528F600C20E82EA0003111E7 /* XMLParser.swift in Sources */,
				524EEE7420DA840D006B9917 /* ViewController.swift in Sources */,
				52B616D020E9341E00A1A416 /* JCCancelPolicy.swift in Sources */,
				52B616C220E9341E00A1A416 /* JCAvailability.swift in Sources */,
				52B6164020E891C100A1A416 /* JInfoCode.swift in Sources */,
				52B616C620E9341E00A1A416 /* JCFee.swift in Sources */,
				52B6165A20E891C100A1A416 /* JCancelPenalty.swift in Sources */,
				52B616C720E9341E00A1A416 /* JCTax.swift in Sources */,
				52B616BA20E9341E00A1A416 /* JCRate.swift in Sources */,
				52B6166320E891C100A1A416 /* JRequiredPayment.swift in Sources */,
				52B6164720E891C100A1A416 /* JMultimediaDescription.swift in Sources */,
				52B6164D20E891C100A1A416 /* JAvailableCapacity.swift in Sources */,
				52B616D620E9341E00A1A416 /* JCRoomDescription.swift in Sources */,
				52B616CC20E9341E00A1A416 /* JCCheckAvaibility.swift in Sources */,
				52B6166720E891C100A1A416 /* JDeadline.swift in Sources */,
				52B616DE20E9341E00A1A416 /* JCTotal.swift in Sources */,
				52B6166820E891C100A1A416 /* JRecreation.swift in Sources */,
				52B6164620E891C100A1A416 /* JName.swift in Sources */,
				52B6164820E891C100A1A416 /* JPaymentPolicy.swift in Sources */,
				52B616C820E9341E00A1A416 /* JCBasicPropertyInfo.swift in Sources */,
				52B616CB20E9341E00A1A416 /* JCCriteria.swift in Sources */,
				52B616C120E9341E00A1A416 /* JCWarning.swift in Sources */,
				524EEE7220DA840D006B9917 /* AppDelegate.swift in Sources */,
				52B6164520E891C100A1A416 /* JRenovation.swift in Sources */,
				52B616DC20E9341E00A1A416 /* JCContactNumber.swift in Sources */,
				52B616C420E9341E00A1A416 /* JCPenaltyDescription.swift in Sources */,
				52B6164920E891C100A1A416 /* JHotelCategory.swift in Sources */,
				52B6164C20E891C100A1A416 /* JRestaurant.swift in Sources */,
				52B6166120E891C100A1A416 /* JCategoryCode.swift in Sources */,
				52B6163F20E891C100A1A416 /* JHotelInfo.swift in Sources */,
				52B6166A20E891C100A1A416 /* JCountryName.swift in Sources */,
				52B6166B20E891C100A1A416 /* JHotelName.swift in Sources */,
				52B6163D20E891C100A1A416 /* JPosition.swift in Sources */,
				52B616DD20E9341E00A1A416 /* JCAmountPercent.swift in Sources */,
				52B6163620E891C100A1A416 /* JPetsPolicy.swift in Sources */,
				52B6165D20E891C100A1A416 /* JPaymentCard.swift in Sources */,
				52B6163E20E891C100A1A416 /* JURL.swift in Sources */,
				52B6163720E891C100A1A416 /* JAddres.swift in Sources */,
				52B6165220E891C100A1A416 /* JContactInfo.swift in Sources */,
				52B616E520E94D3F00A1A416 /* Helper.swift in Sources */,
				52B6164420E891C100A1A416 /* JOccupancy.swift in Sources */,
				52B6163C20E891C100A1A416 /* JAreaInfo.swift in Sources */,
				52B616CE20E9341E00A1A416 /* JCRoomType.swift in Sources */,
				52B616D820E9341E00A1A416 /* JCBody.swift in Sources */,
				52B616BD20E9341E00A1A416 /* JCOTAHotelAvailRS.swift in Sources */,
				52B616BF20E9341E00A1A416 /* JCRoomRate.swift in Sources */,
				52B6165420E891C100A1A416 /* JMeetingRoomCapacity.swift in Sources */,
				52B6165E20E891C100A1A416 /* JSoap:Envelope.swift in Sources */,
				52B6163320E891C100A1A416 /* JTextItem.swift in Sources */,
				52B616CA20E9341E00A1A416 /* JCCancelPenalty.swift in Sources */,
				52B6165720E891C100A1A416 /* JStateProv.swift in Sources */,
				52B6166020E891C100A1A416 /* JHotels.swift in Sources */,
				52B6164320E891C100A1A416 /* JSoap:Body.swift in Sources */,
				52B616BC20E9341E00A1A416 /* JCGuarantee.swift in Sources */,
				52B616CF20E9341E00A1A416 /* JCRatePlanDescription.swift in Sources */,
				52B6165920E891C100A1A416 /* JFacilityInfo.swift in Sources */,
				528F600920E7BFB9003111E7 /* ServiceManager.swift in Sources */,
				52B616CD20E9341E00A1A416 /* JCRatePlan.swift in Sources */,
				52B616C320E9341E00A1A416 /* JCGuaranteePayment.swift in Sources */,
				52B6163B20E891C100A1A416 /* JRelativePosition.swift in Sources */,
				52B6164A20E891C100A1A416 /* JPenaltyDescription.swift in Sources */,
				52B6165820E891C100A1A416 /* JDescription.swift in Sources */,
				52B616D220E9341E00A1A416 /* JCPaymentPolicy.swift in Sources */,
				52B6165620E891C100A1A416 /* JAddresse.swift in Sources */,
				52B616DB20E9341E00A1A416 /* JCTPAExtension.swift in Sources */,
				52B6164220E891C100A1A416 /* JPhone.swift in Sources */,
				52B616E320E94B5C00A1A416 /* AlertView.swift in Sources */,
			);
			runOnlyForDeploymentPostprocessing = 0;
		};
/* End PBXSourcesBuildPhase section */

/* Begin PBXVariantGroup section */
		524EEE7A20DA840F006B9917 /* LaunchScreen.storyboard */ = {
			isa = PBXVariantGroup;
			children = (
				524EEE7B20DA840F006B9917 /* Base */,
			);
			name = LaunchScreen.storyboard;
			sourceTree = "<group>";
		};
		9AE61CCC20DAE0BD006160C1 /* Main.storyboard */ = {
			isa = PBXVariantGroup;
			children = (
				9AE61CCD20DAE0BD006160C1 /* Base */,
			);
			name = Main.storyboard;
			sourceTree = "<group>";
		};
/* End PBXVariantGroup section */

/* Begin XCBuildConfiguration section */
		524EEE7E20DA840F006B9917 /* Debug */ = {
			isa = XCBuildConfiguration;
			buildSettings = {
				ALWAYS_SEARCH_USER_PATHS = NO;
				CLANG_ANALYZER_NONNULL = YES;
				CLANG_ANALYZER_NUMBER_OBJECT_CONVERSION = YES_AGGRESSIVE;
				CLANG_CXX_LANGUAGE_STANDARD = "gnu++14";
				CLANG_CXX_LIBRARY = "libc++";
				CLANG_ENABLE_MODULES = YES;
				CLANG_ENABLE_OBJC_ARC = YES;
				CLANG_ENABLE_OBJC_WEAK = YES;
				CLANG_WARN_BLOCK_CAPTURE_AUTORELEASING = YES;
				CLANG_WARN_BOOL_CONVERSION = YES;
				CLANG_WARN_COMMA = YES;
				CLANG_WARN_CONSTANT_CONVERSION = YES;
				CLANG_WARN_DEPRECATED_OBJC_IMPLEMENTATIONS = YES;
				CLANG_WARN_DIRECT_OBJC_ISA_USAGE = YES_ERROR;
				CLANG_WARN_DOCUMENTATION_COMMENTS = YES;
				CLANG_WARN_EMPTY_BODY = YES;
				CLANG_WARN_ENUM_CONVERSION = YES;
				CLANG_WARN_INFINITE_RECURSION = YES;
				CLANG_WARN_INT_CONVERSION = YES;
				CLANG_WARN_NON_LITERAL_NULL_CONVERSION = YES;
				CLANG_WARN_OBJC_IMPLICIT_RETAIN_SELF = YES;
				CLANG_WARN_OBJC_LITERAL_CONVERSION = YES;
				CLANG_WARN_OBJC_ROOT_CLASS = YES_ERROR;
				CLANG_WARN_RANGE_LOOP_ANALYSIS = YES;
				CLANG_WARN_STRICT_PROTOTYPES = YES;
				CLANG_WARN_SUSPICIOUS_MOVE = YES;
				CLANG_WARN_UNGUARDED_AVAILABILITY = YES_AGGRESSIVE;
				CLANG_WARN_UNREACHABLE_CODE = YES;
				CLANG_WARN__DUPLICATE_METHOD_MATCH = YES;
				CODE_SIGN_IDENTITY = "iPhone Developer";
				COPY_PHASE_STRIP = NO;
				DEBUG_INFORMATION_FORMAT = dwarf;
				ENABLE_STRICT_OBJC_MSGSEND = YES;
				ENABLE_TESTABILITY = YES;
				GCC_C_LANGUAGE_STANDARD = gnu11;
				GCC_DYNAMIC_NO_PIC = NO;
				GCC_NO_COMMON_BLOCKS = YES;
				GCC_OPTIMIZATION_LEVEL = 0;
				GCC_PREPROCESSOR_DEFINITIONS = (
					"DEBUG=1",
					"$(inherited)",
				);
				GCC_WARN_64_TO_32_BIT_CONVERSION = YES;
				GCC_WARN_ABOUT_RETURN_TYPE = YES_ERROR;
				GCC_WARN_UNDECLARED_SELECTOR = YES;
				GCC_WARN_UNINITIALIZED_AUTOS = YES_AGGRESSIVE;
				GCC_WARN_UNUSED_FUNCTION = YES;
				GCC_WARN_UNUSED_VARIABLE = YES;
				IPHONEOS_DEPLOYMENT_TARGET = 11.4;
				MTL_ENABLE_DEBUG_INFO = YES;
				ONLY_ACTIVE_ARCH = YES;
				SDKROOT = iphoneos;
				SWIFT_ACTIVE_COMPILATION_CONDITIONS = DEBUG;
				SWIFT_OPTIMIZATION_LEVEL = "-Onone";
			};
			name = Debug;
		};
		524EEE7F20DA840F006B9917 /* Release */ = {
			isa = XCBuildConfiguration;
			buildSettings = {
				ALWAYS_SEARCH_USER_PATHS = NO;
				CLANG_ANALYZER_NONNULL = YES;
				CLANG_ANALYZER_NUMBER_OBJECT_CONVERSION = YES_AGGRESSIVE;
				CLANG_CXX_LANGUAGE_STANDARD = "gnu++14";
				CLANG_CXX_LIBRARY = "libc++";
				CLANG_ENABLE_MODULES = YES;
				CLANG_ENABLE_OBJC_ARC = YES;
				CLANG_ENABLE_OBJC_WEAK = YES;
				CLANG_WARN_BLOCK_CAPTURE_AUTORELEASING = YES;
				CLANG_WARN_BOOL_CONVERSION = YES;
				CLANG_WARN_COMMA = YES;
				CLANG_WARN_CONSTANT_CONVERSION = YES;
				CLANG_WARN_DEPRECATED_OBJC_IMPLEMENTATIONS = YES;
				CLANG_WARN_DIRECT_OBJC_ISA_USAGE = YES_ERROR;
				CLANG_WARN_DOCUMENTATION_COMMENTS = YES;
				CLANG_WARN_EMPTY_BODY = YES;
				CLANG_WARN_ENUM_CONVERSION = YES;
				CLANG_WARN_INFINITE_RECURSION = YES;
				CLANG_WARN_INT_CONVERSION = YES;
				CLANG_WARN_NON_LITERAL_NULL_CONVERSION = YES;
				CLANG_WARN_OBJC_IMPLICIT_RETAIN_SELF = YES;
				CLANG_WARN_OBJC_LITERAL_CONVERSION = YES;
				CLANG_WARN_OBJC_ROOT_CLASS = YES_ERROR;
				CLANG_WARN_RANGE_LOOP_ANALYSIS = YES;
				CLANG_WARN_STRICT_PROTOTYPES = YES;
				CLANG_WARN_SUSPICIOUS_MOVE = YES;
				CLANG_WARN_UNGUARDED_AVAILABILITY = YES_AGGRESSIVE;
				CLANG_WARN_UNREACHABLE_CODE = YES;
				CLANG_WARN__DUPLICATE_METHOD_MATCH = YES;
				CODE_SIGN_IDENTITY = "iPhone Developer";
				COPY_PHASE_STRIP = NO;
				DEBUG_INFORMATION_FORMAT = "dwarf-with-dsym";
				ENABLE_NS_ASSERTIONS = NO;
				ENABLE_STRICT_OBJC_MSGSEND = YES;
				GCC_C_LANGUAGE_STANDARD = gnu11;
				GCC_NO_COMMON_BLOCKS = YES;
				GCC_WARN_64_TO_32_BIT_CONVERSION = YES;
				GCC_WARN_ABOUT_RETURN_TYPE = YES_ERROR;
				GCC_WARN_UNDECLARED_SELECTOR = YES;
				GCC_WARN_UNINITIALIZED_AUTOS = YES_AGGRESSIVE;
				GCC_WARN_UNUSED_FUNCTION = YES;
				GCC_WARN_UNUSED_VARIABLE = YES;
				IPHONEOS_DEPLOYMENT_TARGET = 11.4;
				MTL_ENABLE_DEBUG_INFO = NO;
				SDKROOT = iphoneos;
				SWIFT_COMPILATION_MODE = wholemodule;
				SWIFT_OPTIMIZATION_LEVEL = "-O";
				VALIDATE_PRODUCT = YES;
			};
			name = Release;
		};
		524EEE8120DA840F006B9917 /* Debug */ = {
			isa = XCBuildConfiguration;
			baseConfigurationReference = 8963E40941314293147FBF58 /* Pods-JazHotels.debug.xcconfig */;
			buildSettings = {
				ASSETCATALOG_COMPILER_APPICON_NAME = AppIcon;
				ASSETCATALOG_COMPILER_LAUNCHIMAGE_NAME = LaunchImage;
				CODE_SIGN_STYLE = Automatic;
				DEVELOPMENT_TEAM = MAG9DAS3TQ;
				INFOPLIST_FILE = JazHotels/resources/Info.plist;
				IPHONEOS_DEPLOYMENT_TARGET = 10.0;
				LD_RUNPATH_SEARCH_PATHS = (
					"$(inherited)",
					"@executable_path/Frameworks",
				);
				PRODUCT_BUNDLE_IDENTIFIER = com.Nada.JazHotels;
				PRODUCT_NAME = "$(TARGET_NAME)";
				SWIFT_OBJC_BRIDGING_HEADER = "JazHotels/Helpers/JazHotels-Bridging-Header.h";
				SWIFT_VERSION = 4.0;
				TARGETED_DEVICE_FAMILY = "1,2";
			};
			name = Debug;
		};
		524EEE8220DA840F006B9917 /* Release */ = {
			isa = XCBuildConfiguration;
			baseConfigurationReference = 42D73029D47BCCF9EDE78E08 /* Pods-JazHotels.release.xcconfig */;
			buildSettings = {
				ASSETCATALOG_COMPILER_APPICON_NAME = AppIcon;
				ASSETCATALOG_COMPILER_LAUNCHIMAGE_NAME = LaunchImage;
				CODE_SIGN_STYLE = Automatic;
				DEVELOPMENT_TEAM = MAG9DAS3TQ;
				INFOPLIST_FILE = JazHotels/resources/Info.plist;
				IPHONEOS_DEPLOYMENT_TARGET = 10.0;
				LD_RUNPATH_SEARCH_PATHS = (
					"$(inherited)",
					"@executable_path/Frameworks",
				);
				PRODUCT_BUNDLE_IDENTIFIER = com.Nada.JazHotels;
				PRODUCT_NAME = "$(TARGET_NAME)";
				SWIFT_OBJC_BRIDGING_HEADER = "JazHotels/Helpers/JazHotels-Bridging-Header.h";
				SWIFT_VERSION = 4.0;
				TARGETED_DEVICE_FAMILY = "1,2";
			};
			name = Release;
		};
/* End XCBuildConfiguration section */

/* Begin XCConfigurationList section */
		524EEE6920DA840D006B9917 /* Build configuration list for PBXProject "JazHotels" */ = {
			isa = XCConfigurationList;
			buildConfigurations = (
				524EEE7E20DA840F006B9917 /* Debug */,
				524EEE7F20DA840F006B9917 /* Release */,
			);
			defaultConfigurationIsVisible = 0;
			defaultConfigurationName = Release;
		};
		524EEE8020DA840F006B9917 /* Build configuration list for PBXNativeTarget "JazHotels" */ = {
			isa = XCConfigurationList;
			buildConfigurations = (
				524EEE8120DA840F006B9917 /* Debug */,
				524EEE8220DA840F006B9917 /* Release */,
			);
			defaultConfigurationIsVisible = 0;
			defaultConfigurationName = Release;
		};
/* End XCConfigurationList section */
	};
	rootObject = 524EEE6620DA840D006B9917 /* Project object */;
}
